// !$*UTF8*$!
{
	archiveVersion = 1;
	classes = {
	};
	objectVersion = 56;
	objects = {

/* Begin PBXBuildFile section */
		FD18D18D2B161C11003B8A46 /* ErrorAlertFactory.swift in Sources */ = {isa = PBXBuildFile; fileRef = FD18D18C2B161C11003B8A46 /* ErrorAlertFactory.swift */; };
		FD18D18F2B161C5F003B8A46 /* MovieDetailsView.swift in Sources */ = {isa = PBXBuildFile; fileRef = FD18D18E2B161C5F003B8A46 /* MovieDetailsView.swift */; };
		FD18D1912B161D85003B8A46 /* MovieDetailsRouter.swift in Sources */ = {isa = PBXBuildFile; fileRef = FD18D1902B161D85003B8A46 /* MovieDetailsRouter.swift */; };
		FD18D1942B161E93003B8A46 /* PresentingCoordinator.swift in Sources */ = {isa = PBXBuildFile; fileRef = FD18D1932B161E93003B8A46 /* PresentingCoordinator.swift */; };
		FD18D1962B161EB0003B8A46 /* ErrorDisplayingRouter.swift in Sources */ = {isa = PBXBuildFile; fileRef = FD18D1952B161EB0003B8A46 /* ErrorDisplayingRouter.swift */; };
		FD3B38C62B06195900BBCF03 /* AppDelegate.swift in Sources */ = {isa = PBXBuildFile; fileRef = FD3B38C52B06195900BBCF03 /* AppDelegate.swift */; };
		FD3B38C82B06195900BBCF03 /* SceneDelegate.swift in Sources */ = {isa = PBXBuildFile; fileRef = FD3B38C72B06195900BBCF03 /* SceneDelegate.swift */; };
		FD3B38CF2B06195C00BBCF03 /* Assets.xcassets in Resources */ = {isa = PBXBuildFile; fileRef = FD3B38CE2B06195C00BBCF03 /* Assets.xcassets */; };
		FD3B38D22B06195C00BBCF03 /* LaunchScreen.storyboard in Resources */ = {isa = PBXBuildFile; fileRef = FD3B38D02B06195C00BBCF03 /* LaunchScreen.storyboard */; };
		FD3B38E22B06239100BBCF03 /* MoviesListFactory.swift in Sources */ = {isa = PBXBuildFile; fileRef = FD3B38E12B06239100BBCF03 /* MoviesListFactory.swift */; };
		FD3B390E2B07689800BBCF03 /* UserAuthPermissionWebViewController.swift in Sources */ = {isa = PBXBuildFile; fileRef = FD3B390D2B07689800BBCF03 /* UserAuthPermissionWebViewController.swift */; };
		FD3B39462B0A6C3800BBCF03 /* MoviesListViewModel.swift in Sources */ = {isa = PBXBuildFile; fileRef = FD3B39452B0A6C3800BBCF03 /* MoviesListViewModel.swift */; };
		FD3B39482B0A6C5400BBCF03 /* MoviesListViewController.swift in Sources */ = {isa = PBXBuildFile; fileRef = FD3B39472B0A6C5400BBCF03 /* MoviesListViewController.swift */; };
		FD3B394A2B0A6C7C00BBCF03 /* MoviesListCoordinator.swift in Sources */ = {isa = PBXBuildFile; fileRef = FD3B39492B0A6C7C00BBCF03 /* MoviesListCoordinator.swift */; };
		FD5F71DC2B1E29BA0079AEFC /* CellcomHometaskProtocols in Frameworks */ = {isa = PBXBuildFile; productRef = FD5F71DB2B1E29BA0079AEFC /* CellcomHometaskProtocols */; };
		FD5F71E42B1E2C340079AEFC /* CellcomHometaskProtocols in Frameworks */ = {isa = PBXBuildFile; productRef = FD5F71E32B1E2C340079AEFC /* CellcomHometaskProtocols */; };
		FD5F71E92B1E2E1E0079AEFC /* CellcomHometaskModels in Frameworks */ = {isa = PBXBuildFile; productRef = FD5F71E82B1E2E1E0079AEFC /* CellcomHometaskModels */; };
		FD5F71EC2B1E317E0079AEFC /* CellcomHometaskNetwork in Frameworks */ = {isa = PBXBuildFile; productRef = FD5F71EB2B1E317E0079AEFC /* CellcomHometaskNetwork */; };
		FD94FAB22B0B8466002A820F /* MoviesProviderFacade.swift in Sources */ = {isa = PBXBuildFile; fileRef = FD94FAB12B0B8466002A820F /* MoviesProviderFacade.swift */; };
		FD94FAB42B0B997D002A820F /* MovieListCell.swift in Sources */ = {isa = PBXBuildFile; fileRef = FD94FAB32B0B997D002A820F /* MovieListCell.swift */; };
		FD94FAB62B0B9E17002A820F /* MovieListCellViewModel.swift in Sources */ = {isa = PBXBuildFile; fileRef = FD94FAB52B0B9E17002A820F /* MovieListCellViewModel.swift */; };
		FDF840122B14AC6200FC2D9C /* MoviesPageWorker.swift in Sources */ = {isa = PBXBuildFile; fileRef = FDF840112B14AC6200FC2D9C /* MoviesPageWorker.swift */; };
		FDF840192B14C26100FC2D9C /* MovieDetailsFactory.swift in Sources */ = {isa = PBXBuildFile; fileRef = FDF840182B14C26100FC2D9C /* MovieDetailsFactory.swift */; };
		FDF8401B2B14C32000FC2D9C /* MoviesListRouter.swift in Sources */ = {isa = PBXBuildFile; fileRef = FDF8401A2B14C32000FC2D9C /* MoviesListRouter.swift */; };
		FDF8401D2B15C0D300FC2D9C /* MovieDetailsViewModel.swift in Sources */ = {isa = PBXBuildFile; fileRef = FDF8401C2B15C0D300FC2D9C /* MovieDetailsViewModel.swift */; };
		FDF8401F2B15C0F200FC2D9C /* MovieDetailsViewController.swift in Sources */ = {isa = PBXBuildFile; fileRef = FDF8401E2B15C0F200FC2D9C /* MovieDetailsViewController.swift */; };
		FDF840212B15C10000FC2D9C /* MovieDetailsCoordinator.swift in Sources */ = {isa = PBXBuildFile; fileRef = FDF840202B15C10000FC2D9C /* MovieDetailsCoordinator.swift */; };
		FDF840232B15C14B00FC2D9C /* UserAuthPermissionCoordinator.swift in Sources */ = {isa = PBXBuildFile; fileRef = FDF840222B15C14B00FC2D9C /* UserAuthPermissionCoordinator.swift */; };
/* End PBXBuildFile section */

/* Begin PBXCopyFilesBuildPhase section */
		FD18D1B42B16261D003B8A46 /* Embed Frameworks */ = {
			isa = PBXCopyFilesBuildPhase;
			buildActionMask = 2147483647;
			dstPath = "";
			dstSubfolderSpec = 10;
			files = (
			);
			name = "Embed Frameworks";
			runOnlyForDeploymentPostprocessing = 0;
		};
/* End PBXCopyFilesBuildPhase section */

/* Begin PBXFileReference section */
		FD18D18C2B161C11003B8A46 /* ErrorAlertFactory.swift */ = {isa = PBXFileReference; lastKnownFileType = sourcecode.swift; path = ErrorAlertFactory.swift; sourceTree = "<group>"; };
		FD18D18E2B161C5F003B8A46 /* MovieDetailsView.swift */ = {isa = PBXFileReference; lastKnownFileType = sourcecode.swift; path = MovieDetailsView.swift; sourceTree = "<group>"; };
		FD18D1902B161D85003B8A46 /* MovieDetailsRouter.swift */ = {isa = PBXFileReference; lastKnownFileType = sourcecode.swift; path = MovieDetailsRouter.swift; sourceTree = "<group>"; };
		FD18D1932B161E93003B8A46 /* PresentingCoordinator.swift */ = {isa = PBXFileReference; lastKnownFileType = sourcecode.swift; path = PresentingCoordinator.swift; sourceTree = "<group>"; };
		FD18D1952B161EB0003B8A46 /* ErrorDisplayingRouter.swift */ = {isa = PBXFileReference; lastKnownFileType = sourcecode.swift; path = ErrorDisplayingRouter.swift; sourceTree = "<group>"; };
		FD3B38C22B06195900BBCF03 /* iOSCellcomHomeTask.app */ = {isa = PBXFileReference; explicitFileType = wrapper.application; includeInIndex = 0; path = iOSCellcomHomeTask.app; sourceTree = BUILT_PRODUCTS_DIR; };
		FD3B38C52B06195900BBCF03 /* AppDelegate.swift */ = {isa = PBXFileReference; lastKnownFileType = sourcecode.swift; path = AppDelegate.swift; sourceTree = "<group>"; };
		FD3B38C72B06195900BBCF03 /* SceneDelegate.swift */ = {isa = PBXFileReference; lastKnownFileType = sourcecode.swift; path = SceneDelegate.swift; sourceTree = "<group>"; };
		FD3B38CE2B06195C00BBCF03 /* Assets.xcassets */ = {isa = PBXFileReference; lastKnownFileType = folder.assetcatalog; path = Assets.xcassets; sourceTree = "<group>"; };
		FD3B38D12B06195C00BBCF03 /* Base */ = {isa = PBXFileReference; lastKnownFileType = file.storyboard; name = Base; path = Base.lproj/LaunchScreen.storyboard; sourceTree = "<group>"; };
		FD3B38D32B06195C00BBCF03 /* Info.plist */ = {isa = PBXFileReference; lastKnownFileType = text.plist.xml; path = Info.plist; sourceTree = "<group>"; };
		FD3B38DE2B061DBE00BBCF03 /* README.md */ = {isa = PBXFileReference; lastKnownFileType = net.daringfireball.markdown; path = README.md; sourceTree = "<group>"; };
		FD3B38E12B06239100BBCF03 /* MoviesListFactory.swift */ = {isa = PBXFileReference; lastKnownFileType = sourcecode.swift; path = MoviesListFactory.swift; sourceTree = "<group>"; };
		FD3B390D2B07689800BBCF03 /* UserAuthPermissionWebViewController.swift */ = {isa = PBXFileReference; lastKnownFileType = sourcecode.swift; path = UserAuthPermissionWebViewController.swift; sourceTree = "<group>"; };
		FD3B39452B0A6C3800BBCF03 /* MoviesListViewModel.swift */ = {isa = PBXFileReference; lastKnownFileType = sourcecode.swift; path = MoviesListViewModel.swift; sourceTree = "<group>"; };
		FD3B39472B0A6C5400BBCF03 /* MoviesListViewController.swift */ = {isa = PBXFileReference; lastKnownFileType = sourcecode.swift; path = MoviesListViewController.swift; sourceTree = "<group>"; };
		FD3B39492B0A6C7C00BBCF03 /* MoviesListCoordinator.swift */ = {isa = PBXFileReference; lastKnownFileType = sourcecode.swift; path = MoviesListCoordinator.swift; sourceTree = "<group>"; };
		FD5F71EA2B1E2F450079AEFC /* iOSCellcomHomeTask.xctestplan */ = {isa = PBXFileReference; lastKnownFileType = text; name = iOSCellcomHomeTask.xctestplan; path = ../iOSCellcomHomeTask.xctestplan; sourceTree = "<group>"; };
		FD94FAB12B0B8466002A820F /* MoviesProviderFacade.swift */ = {isa = PBXFileReference; lastKnownFileType = sourcecode.swift; path = MoviesProviderFacade.swift; sourceTree = "<group>"; };
		FD94FAB32B0B997D002A820F /* MovieListCell.swift */ = {isa = PBXFileReference; lastKnownFileType = sourcecode.swift; path = MovieListCell.swift; sourceTree = "<group>"; };
		FD94FAB52B0B9E17002A820F /* MovieListCellViewModel.swift */ = {isa = PBXFileReference; lastKnownFileType = sourcecode.swift; path = MovieListCellViewModel.swift; sourceTree = "<group>"; };
		FDF840112B14AC6200FC2D9C /* MoviesPageWorker.swift */ = {isa = PBXFileReference; lastKnownFileType = sourcecode.swift; path = MoviesPageWorker.swift; sourceTree = "<group>"; };
		FDF840182B14C26100FC2D9C /* MovieDetailsFactory.swift */ = {isa = PBXFileReference; lastKnownFileType = sourcecode.swift; path = MovieDetailsFactory.swift; sourceTree = "<group>"; };
		FDF8401A2B14C32000FC2D9C /* MoviesListRouter.swift */ = {isa = PBXFileReference; lastKnownFileType = sourcecode.swift; path = MoviesListRouter.swift; sourceTree = "<group>"; };
		FDF8401C2B15C0D300FC2D9C /* MovieDetailsViewModel.swift */ = {isa = PBXFileReference; lastKnownFileType = sourcecode.swift; path = MovieDetailsViewModel.swift; sourceTree = "<group>"; };
		FDF8401E2B15C0F200FC2D9C /* MovieDetailsViewController.swift */ = {isa = PBXFileReference; lastKnownFileType = sourcecode.swift; path = MovieDetailsViewController.swift; sourceTree = "<group>"; };
		FDF840202B15C10000FC2D9C /* MovieDetailsCoordinator.swift */ = {isa = PBXFileReference; lastKnownFileType = sourcecode.swift; path = MovieDetailsCoordinator.swift; sourceTree = "<group>"; };
		FDF840222B15C14B00FC2D9C /* UserAuthPermissionCoordinator.swift */ = {isa = PBXFileReference; lastKnownFileType = sourcecode.swift; path = UserAuthPermissionCoordinator.swift; sourceTree = "<group>"; };
/* End PBXFileReference section */

/* Begin PBXFrameworksBuildPhase section */
		FD3B38BF2B06195900BBCF03 /* Frameworks */ = {
			isa = PBXFrameworksBuildPhase;
			buildActionMask = 2147483647;
			files = (
				FD5F71E92B1E2E1E0079AEFC /* CellcomHometaskModels in Frameworks */,
				FD5F71E42B1E2C340079AEFC /* CellcomHometaskProtocols in Frameworks */,
				FD5F71DC2B1E29BA0079AEFC /* CellcomHometaskProtocols in Frameworks */,
				FD5F71EC2B1E317E0079AEFC /* CellcomHometaskNetwork in Frameworks */,
			);
			runOnlyForDeploymentPostprocessing = 0;
		};
/* End PBXFrameworksBuildPhase section */

/* Begin PBXGroup section */
		FD18D18B2B161C03003B8A46 /* Errors */ = {
			isa = PBXGroup;
			children = (
				FD18D18C2B161C11003B8A46 /* ErrorAlertFactory.swift */,
				FD18D1952B161EB0003B8A46 /* ErrorDisplayingRouter.swift */,
			);
			path = Errors;
			sourceTree = "<group>";
		};
		FD18D1922B161E3F003B8A46 /* Helpers */ = {
			isa = PBXGroup;
			children = (
				FD3B390C2B07688800BBCF03 /* UserAuthPermission */,
				FD18D18B2B161C03003B8A46 /* Errors */,
				FD18D1932B161E93003B8A46 /* PresentingCoordinator.swift */,
			);
			path = Helpers;
			sourceTree = "<group>";
		};
		FD18D1FB2B1626C0003B8A46 /* Frameworks */ = {
			isa = PBXGroup;
			children = (
			);
			name = Frameworks;
			sourceTree = "<group>";
		};
		FD3B38B92B06195900BBCF03 = {
			isa = PBXGroup;
			children = (
				FD5F71EA2B1E2F450079AEFC /* iOSCellcomHomeTask.xctestplan */,
				FD3B38DE2B061DBE00BBCF03 /* README.md */,
				FD3B38C42B06195900BBCF03 /* CellcomHomeTask */,
				FD3B38C32B06195900BBCF03 /* Products */,
				FD18D1FB2B1626C0003B8A46 /* Frameworks */,
			);
			sourceTree = "<group>";
		};
		FD3B38C32B06195900BBCF03 /* Products */ = {
			isa = PBXGroup;
			children = (
				FD3B38C22B06195900BBCF03 /* iOSCellcomHomeTask.app */,
			);
			name = Products;
			sourceTree = "<group>";
		};
		FD3B38C42B06195900BBCF03 /* CellcomHomeTask */ = {
			isa = PBXGroup;
			children = (
				FD3B38D92B061C5D00BBCF03 /* AppLayer */,
				FD18D1922B161E3F003B8A46 /* Helpers */,
				FD3B38DB2B061C7B00BBCF03 /* Scenes */,
			);
			path = CellcomHomeTask;
			sourceTree = "<group>";
		};
		FD3B38D92B061C5D00BBCF03 /* AppLayer */ = {
			isa = PBXGroup;
			children = (
				FD3B38C52B06195900BBCF03 /* AppDelegate.swift */,
				FD3B38C72B06195900BBCF03 /* SceneDelegate.swift */,
				FD3B38CE2B06195C00BBCF03 /* Assets.xcassets */,
				FD3B38D02B06195C00BBCF03 /* LaunchScreen.storyboard */,
				FD3B38D32B06195C00BBCF03 /* Info.plist */,
			);
			path = AppLayer;
			sourceTree = "<group>";
		};
		FD3B38DB2B061C7B00BBCF03 /* Scenes */ = {
			isa = PBXGroup;
			children = (
				FDF840172B14BA3C00FC2D9C /* MovieDetailsScene */,
				FD3B38DC2B061C8100BBCF03 /* MoviesListScene */,
			);
			path = Scenes;
			sourceTree = "<group>";
		};
		FD3B38DC2B061C8100BBCF03 /* MoviesListScene */ = {
			isa = PBXGroup;
			children = (
				FDF8400C2B14ABFF00FC2D9C /* ViewModel */,
				FD94FAB72B0B9E38002A820F /* MovieListCell */,
				FD3B38E12B06239100BBCF03 /* MoviesListFactory.swift */,
				FD3B39492B0A6C7C00BBCF03 /* MoviesListCoordinator.swift */,
				FD3B39472B0A6C5400BBCF03 /* MoviesListViewController.swift */,
				FDF8401A2B14C32000FC2D9C /* MoviesListRouter.swift */,
			);
			path = MoviesListScene;
			sourceTree = "<group>";
		};
		FD3B390C2B07688800BBCF03 /* UserAuthPermission */ = {
			isa = PBXGroup;
			children = (
				FD3B390D2B07689800BBCF03 /* UserAuthPermissionWebViewController.swift */,
				FDF840222B15C14B00FC2D9C /* UserAuthPermissionCoordinator.swift */,
			);
			path = UserAuthPermission;
			sourceTree = "<group>";
		};
		FD94FAB72B0B9E38002A820F /* MovieListCell */ = {
			isa = PBXGroup;
			children = (
				FD94FAB52B0B9E17002A820F /* MovieListCellViewModel.swift */,
				FD94FAB32B0B997D002A820F /* MovieListCell.swift */,
			);
			path = MovieListCell;
			sourceTree = "<group>";
		};
		FDF8400C2B14ABFF00FC2D9C /* ViewModel */ = {
			isa = PBXGroup;
			children = (
				FD3B39452B0A6C3800BBCF03 /* MoviesListViewModel.swift */,
				FDF840132B14AF0C00FC2D9C /* MoviesProvider */,
			);
			path = ViewModel;
			sourceTree = "<group>";
		};
		FDF840132B14AF0C00FC2D9C /* MoviesProvider */ = {
			isa = PBXGroup;
			children = (
				FD94FAB12B0B8466002A820F /* MoviesProviderFacade.swift */,
				FDF840112B14AC6200FC2D9C /* MoviesPageWorker.swift */,
			);
			path = MoviesProvider;
			sourceTree = "<group>";
		};
		FDF840172B14BA3C00FC2D9C /* MovieDetailsScene */ = {
			isa = PBXGroup;
			children = (
				FDF840182B14C26100FC2D9C /* MovieDetailsFactory.swift */,
				FDF840202B15C10000FC2D9C /* MovieDetailsCoordinator.swift */,
				FDF8401E2B15C0F200FC2D9C /* MovieDetailsViewController.swift */,
				FDF8401C2B15C0D300FC2D9C /* MovieDetailsViewModel.swift */,
				FD18D1902B161D85003B8A46 /* MovieDetailsRouter.swift */,
				FD18D18E2B161C5F003B8A46 /* MovieDetailsView.swift */,
			);
			path = MovieDetailsScene;
			sourceTree = "<group>";
		};
/* End PBXGroup section */

/* Begin PBXNativeTarget section */
		FD3B38C12B06195900BBCF03 /* iOSCellcomHomeTask */ = {
			isa = PBXNativeTarget;
			buildConfigurationList = FD3B38D62B06195C00BBCF03 /* Build configuration list for PBXNativeTarget "iOSCellcomHomeTask" */;
			buildPhases = (
				FD3B38BE2B06195900BBCF03 /* Sources */,
				FD3B38BF2B06195900BBCF03 /* Frameworks */,
				FD3B38C02B06195900BBCF03 /* Resources */,
				FD18D1B42B16261D003B8A46 /* Embed Frameworks */,
			);
			buildRules = (
			);
			dependencies = (
			);
			name = iOSCellcomHomeTask;
			packageProductDependencies = (
				FD5F71DB2B1E29BA0079AEFC /* CellcomHometaskProtocols */,
				FD5F71E32B1E2C340079AEFC /* CellcomHometaskProtocols */,
				FD5F71E82B1E2E1E0079AEFC /* CellcomHometaskModels */,
				FD5F71EB2B1E317E0079AEFC /* CellcomHometaskNetwork */,
			);
			productName = CellcomHomeTask;
			productReference = FD3B38C22B06195900BBCF03 /* iOSCellcomHomeTask.app */;
			productType = "com.apple.product-type.application";
		};
/* End PBXNativeTarget section */

/* Begin PBXProject section */
		FD3B38BA2B06195900BBCF03 /* Project object */ = {
			isa = PBXProject;
			attributes = {
				BuildIndependentTargetsInParallel = 1;
				LastSwiftUpdateCheck = 1500;
				LastUpgradeCheck = 1500;
				TargetAttributes = {
					FD3B38C12B06195900BBCF03 = {
						CreatedOnToolsVersion = 15.0;
					};
				};
			};
			buildConfigurationList = FD3B38BD2B06195900BBCF03 /* Build configuration list for PBXProject "iOSCellcomHomeTask" */;
			compatibilityVersion = "Xcode 14.0";
			developmentRegion = en;
			hasScannedForEncodings = 0;
			knownRegions = (
				en,
				Base,
			);
			mainGroup = FD3B38B92B06195900BBCF03;
			packageReferences = (
			);
			productRefGroup = FD3B38C32B06195900BBCF03 /* Products */;
			projectDirPath = "";
			projectRoot = "";
			targets = (
				FD3B38C12B06195900BBCF03 /* iOSCellcomHomeTask */,
			);
		};
/* End PBXProject section */

/* Begin PBXResourcesBuildPhase section */
		FD3B38C02B06195900BBCF03 /* Resources */ = {
			isa = PBXResourcesBuildPhase;
			buildActionMask = 2147483647;
			files = (
				FD3B38D22B06195C00BBCF03 /* LaunchScreen.storyboard in Resources */,
				FD3B38CF2B06195C00BBCF03 /* Assets.xcassets in Resources */,
			);
			runOnlyForDeploymentPostprocessing = 0;
		};
/* End PBXResourcesBuildPhase section */

/* Begin PBXSourcesBuildPhase section */
		FD3B38BE2B06195900BBCF03 /* Sources */ = {
			isa = PBXSourcesBuildPhase;
			buildActionMask = 2147483647;
			files = (
				FD3B39482B0A6C5400BBCF03 /* MoviesListViewController.swift in Sources */,
				FD3B394A2B0A6C7C00BBCF03 /* MoviesListCoordinator.swift in Sources */,
				FD3B390E2B07689800BBCF03 /* UserAuthPermissionWebViewController.swift in Sources */,
				FDF840232B15C14B00FC2D9C /* UserAuthPermissionCoordinator.swift in Sources */,
				FD18D18D2B161C11003B8A46 /* ErrorAlertFactory.swift in Sources */,
				FDF840122B14AC6200FC2D9C /* MoviesPageWorker.swift in Sources */,
				FD3B38C62B06195900BBCF03 /* AppDelegate.swift in Sources */,
				FD3B38C82B06195900BBCF03 /* SceneDelegate.swift in Sources */,
				FDF8401F2B15C0F200FC2D9C /* MovieDetailsViewController.swift in Sources */,
				FDF8401D2B15C0D300FC2D9C /* MovieDetailsViewModel.swift in Sources */,
				FD94FAB42B0B997D002A820F /* MovieListCell.swift in Sources */,
				FD18D1942B161E93003B8A46 /* PresentingCoordinator.swift in Sources */,
				FDF840192B14C26100FC2D9C /* MovieDetailsFactory.swift in Sources */,
				FD3B39462B0A6C3800BBCF03 /* MoviesListViewModel.swift in Sources */,
				FD18D18F2B161C5F003B8A46 /* MovieDetailsView.swift in Sources */,
				FD94FAB22B0B8466002A820F /* MoviesProviderFacade.swift in Sources */,
				FD3B38E22B06239100BBCF03 /* MoviesListFactory.swift in Sources */,
				FD94FAB62B0B9E17002A820F /* MovieListCellViewModel.swift in Sources */,
				FDF840212B15C10000FC2D9C /* MovieDetailsCoordinator.swift in Sources */,
				FDF8401B2B14C32000FC2D9C /* MoviesListRouter.swift in Sources */,
				FD18D1962B161EB0003B8A46 /* ErrorDisplayingRouter.swift in Sources */,
				FD18D1912B161D85003B8A46 /* MovieDetailsRouter.swift in Sources */,
			);
			runOnlyForDeploymentPostprocessing = 0;
		};
/* End PBXSourcesBuildPhase section */

/* Begin PBXVariantGroup section */
		FD3B38D02B06195C00BBCF03 /* LaunchScreen.storyboard */ = {
			isa = PBXVariantGroup;
			children = (
				FD3B38D12B06195C00BBCF03 /* Base */,
			);
			name = LaunchScreen.storyboard;
			sourceTree = "<group>";
		};
/* End PBXVariantGroup section */

/* Begin XCBuildConfiguration section */
		FD3B38D42B06195C00BBCF03 /* Debug */ = {
			isa = XCBuildConfiguration;
			buildSettings = {
				ALWAYS_SEARCH_USER_PATHS = NO;
				ASSETCATALOG_COMPILER_GENERATE_SWIFT_ASSET_SYMBOL_EXTENSIONS = YES;
				CLANG_ANALYZER_NONNULL = YES;
				CLANG_ANALYZER_NUMBER_OBJECT_CONVERSION = YES_AGGRESSIVE;
				CLANG_CXX_LANGUAGE_STANDARD = "gnu++20";
				CLANG_ENABLE_MODULES = YES;
				CLANG_ENABLE_OBJC_ARC = YES;
				CLANG_ENABLE_OBJC_WEAK = YES;
				CLANG_WARN_BLOCK_CAPTURE_AUTORELEASING = YES;
				CLANG_WARN_BOOL_CONVERSION = YES;
				CLANG_WARN_COMMA = YES;
				CLANG_WARN_CONSTANT_CONVERSION = YES;
				CLANG_WARN_DEPRECATED_OBJC_IMPLEMENTATIONS = YES;
				CLANG_WARN_DIRECT_OBJC_ISA_USAGE = YES_ERROR;
				CLANG_WARN_DOCUMENTATION_COMMENTS = YES;
				CLANG_WARN_EMPTY_BODY = YES;
				CLANG_WARN_ENUM_CONVERSION = YES;
				CLANG_WARN_INFINITE_RECURSION = YES;
				CLANG_WARN_INT_CONVERSION = YES;
				CLANG_WARN_NON_LITERAL_NULL_CONVERSION = YES;
				CLANG_WARN_OBJC_IMPLICIT_RETAIN_SELF = YES;
				CLANG_WARN_OBJC_LITERAL_CONVERSION = YES;
				CLANG_WARN_OBJC_ROOT_CLASS = YES_ERROR;
				CLANG_WARN_QUOTED_INCLUDE_IN_FRAMEWORK_HEADER = YES;
				CLANG_WARN_RANGE_LOOP_ANALYSIS = YES;
				CLANG_WARN_STRICT_PROTOTYPES = YES;
				CLANG_WARN_SUSPICIOUS_MOVE = YES;
				CLANG_WARN_UNGUARDED_AVAILABILITY = YES_AGGRESSIVE;
				CLANG_WARN_UNREACHABLE_CODE = YES;
				CLANG_WARN__DUPLICATE_METHOD_MATCH = YES;
				COPY_PHASE_STRIP = NO;
				DEBUG_INFORMATION_FORMAT = dwarf;
				ENABLE_STRICT_OBJC_MSGSEND = YES;
				ENABLE_TESTABILITY = YES;
				ENABLE_USER_SCRIPT_SANDBOXING = YES;
				GCC_C_LANGUAGE_STANDARD = gnu17;
				GCC_DYNAMIC_NO_PIC = NO;
				GCC_NO_COMMON_BLOCKS = YES;
				GCC_OPTIMIZATION_LEVEL = 0;
				GCC_PREPROCESSOR_DEFINITIONS = (
					"DEBUG=1",
					"$(inherited)",
				);
				GCC_WARN_64_TO_32_BIT_CONVERSION = YES;
				GCC_WARN_ABOUT_RETURN_TYPE = YES_ERROR;
				GCC_WARN_UNDECLARED_SELECTOR = YES;
				GCC_WARN_UNINITIALIZED_AUTOS = YES_AGGRESSIVE;
				GCC_WARN_UNUSED_FUNCTION = YES;
				GCC_WARN_UNUSED_VARIABLE = YES;
				IPHONEOS_DEPLOYMENT_TARGET = 17.0;
				LOCALIZATION_PREFERS_STRING_CATALOGS = YES;
				MTL_ENABLE_DEBUG_INFO = INCLUDE_SOURCE;
				MTL_FAST_MATH = YES;
				ONLY_ACTIVE_ARCH = YES;
				SDKROOT = iphoneos;
				SWIFT_ACTIVE_COMPILATION_CONDITIONS = "DEBUG $(inherited)";
				SWIFT_OPTIMIZATION_LEVEL = "-Onone";
			};
			name = Debug;
		};
		FD3B38D52B06195C00BBCF03 /* Release */ = {
			isa = XCBuildConfiguration;
			buildSettings = {
				ALWAYS_SEARCH_USER_PATHS = NO;
				ASSETCATALOG_COMPILER_GENERATE_SWIFT_ASSET_SYMBOL_EXTENSIONS = YES;
				CLANG_ANALYZER_NONNULL = YES;
				CLANG_ANALYZER_NUMBER_OBJECT_CONVERSION = YES_AGGRESSIVE;
				CLANG_CXX_LANGUAGE_STANDARD = "gnu++20";
				CLANG_ENABLE_MODULES = YES;
				CLANG_ENABLE_OBJC_ARC = YES;
				CLANG_ENABLE_OBJC_WEAK = YES;
				CLANG_WARN_BLOCK_CAPTURE_AUTORELEASING = YES;
				CLANG_WARN_BOOL_CONVERSION = YES;
				CLANG_WARN_COMMA = YES;
				CLANG_WARN_CONSTANT_CONVERSION = YES;
				CLANG_WARN_DEPRECATED_OBJC_IMPLEMENTATIONS = YES;
				CLANG_WARN_DIRECT_OBJC_ISA_USAGE = YES_ERROR;
				CLANG_WARN_DOCUMENTATION_COMMENTS = YES;
				CLANG_WARN_EMPTY_BODY = YES;
				CLANG_WARN_ENUM_CONVERSION = YES;
				CLANG_WARN_INFINITE_RECURSION = YES;
				CLANG_WARN_INT_CONVERSION = YES;
				CLANG_WARN_NON_LITERAL_NULL_CONVERSION = YES;
				CLANG_WARN_OBJC_IMPLICIT_RETAIN_SELF = YES;
				CLANG_WARN_OBJC_LITERAL_CONVERSION = YES;
				CLANG_WARN_OBJC_ROOT_CLASS = YES_ERROR;
				CLANG_WARN_QUOTED_INCLUDE_IN_FRAMEWORK_HEADER = YES;
				CLANG_WARN_RANGE_LOOP_ANALYSIS = YES;
				CLANG_WARN_STRICT_PROTOTYPES = YES;
				CLANG_WARN_SUSPICIOUS_MOVE = YES;
				CLANG_WARN_UNGUARDED_AVAILABILITY = YES_AGGRESSIVE;
				CLANG_WARN_UNREACHABLE_CODE = YES;
				CLANG_WARN__DUPLICATE_METHOD_MATCH = YES;
				COPY_PHASE_STRIP = NO;
				DEBUG_INFORMATION_FORMAT = "dwarf-with-dsym";
				ENABLE_NS_ASSERTIONS = NO;
				ENABLE_STRICT_OBJC_MSGSEND = YES;
				ENABLE_USER_SCRIPT_SANDBOXING = YES;
				GCC_C_LANGUAGE_STANDARD = gnu17;
				GCC_NO_COMMON_BLOCKS = YES;
				GCC_WARN_64_TO_32_BIT_CONVERSION = YES;
				GCC_WARN_ABOUT_RETURN_TYPE = YES_ERROR;
				GCC_WARN_UNDECLARED_SELECTOR = YES;
				GCC_WARN_UNINITIALIZED_AUTOS = YES_AGGRESSIVE;
				GCC_WARN_UNUSED_FUNCTION = YES;
				GCC_WARN_UNUSED_VARIABLE = YES;
				IPHONEOS_DEPLOYMENT_TARGET = 17.0;
				LOCALIZATION_PREFERS_STRING_CATALOGS = YES;
				MTL_ENABLE_DEBUG_INFO = NO;
				MTL_FAST_MATH = YES;
				SDKROOT = iphoneos;
				SWIFT_COMPILATION_MODE = wholemodule;
				VALIDATE_PRODUCT = YES;
			};
			name = Release;
		};
		FD3B38D72B06195C00BBCF03 /* Debug */ = {
			isa = XCBuildConfiguration;
			buildSettings = {
				ALWAYS_EMBED_SWIFT_STANDARD_LIBRARIES = YES;
				ASSETCATALOG_COMPILER_APPICON_NAME = AppIcon;
				ASSETCATALOG_COMPILER_GLOBAL_ACCENT_COLOR_NAME = AccentColor;
				CODE_SIGN_STYLE = Automatic;
				CURRENT_PROJECT_VERSION = 1;
				GENERATE_INFOPLIST_FILE = YES;
				INFOPLIST_FILE = CellcomHomeTask/AppLayer/Info.plist;
				INFOPLIST_KEY_UIApplicationSupportsIndirectInputEvents = YES;
				INFOPLIST_KEY_UILaunchStoryboardName = LaunchScreen.storyboard;
				INFOPLIST_KEY_UISupportedInterfaceOrientations = UIInterfaceOrientationPortrait;
				IPHONEOS_DEPLOYMENT_TARGET = 16.0;
				LD_RUNPATH_SEARCH_PATHS = (
					"$(inherited)",
					"@executable_path/Frameworks",
				);
				MARKETING_VERSION = 1.0;
				PRODUCT_BUNDLE_IDENTIFIER = e.kulinichev.CellcomHomeTask;
				PRODUCT_NAME = "$(TARGET_NAME)";
				SUPPORTED_PLATFORMS = "iphoneos iphonesimulator";
				SUPPORTS_MACCATALYST = NO;
				SUPPORTS_MAC_DESIGNED_FOR_IPHONE_IPAD = NO;
				SWIFT_EMIT_LOC_STRINGS = YES;
				SWIFT_VERSION = 5.0;
				TARGETED_DEVICE_FAMILY = 1;
			};
			name = Debug;
		};
		FD3B38D82B06195C00BBCF03 /* Release */ = {
			isa = XCBuildConfiguration;
			buildSettings = {
				ALWAYS_EMBED_SWIFT_STANDARD_LIBRARIES = YES;
				ASSETCATALOG_COMPILER_APPICON_NAME = AppIcon;
				ASSETCATALOG_COMPILER_GLOBAL_ACCENT_COLOR_NAME = AccentColor;
				CODE_SIGN_STYLE = Automatic;
				CURRENT_PROJECT_VERSION = 1;
				GENERATE_INFOPLIST_FILE = YES;
				INFOPLIST_FILE = CellcomHomeTask/AppLayer/Info.plist;
				INFOPLIST_KEY_UIApplicationSupportsIndirectInputEvents = YES;
				INFOPLIST_KEY_UILaunchStoryboardName = LaunchScreen.storyboard;
				INFOPLIST_KEY_UISupportedInterfaceOrientations = UIInterfaceOrientationPortrait;
				IPHONEOS_DEPLOYMENT_TARGET = 16.0;
				LD_RUNPATH_SEARCH_PATHS = (
					"$(inherited)",
					"@executable_path/Frameworks",
				);
				MARKETING_VERSION = 1.0;
				PRODUCT_BUNDLE_IDENTIFIER = e.kulinichev.CellcomHomeTask;
				PRODUCT_NAME = "$(TARGET_NAME)";
				SUPPORTED_PLATFORMS = "iphoneos iphonesimulator";
				SUPPORTS_MACCATALYST = NO;
				SUPPORTS_MAC_DESIGNED_FOR_IPHONE_IPAD = NO;
				SWIFT_EMIT_LOC_STRINGS = YES;
				SWIFT_VERSION = 5.0;
				TARGETED_DEVICE_FAMILY = 1;
			};
			name = Release;
		};
/* End XCBuildConfiguration section */

/* Begin XCConfigurationList section */
		FD3B38BD2B06195900BBCF03 /* Build configuration list for PBXProject "iOSCellcomHomeTask" */ = {
			isa = XCConfigurationList;
			buildConfigurations = (
				FD3B38D42B06195C00BBCF03 /* Debug */,
				FD3B38D52B06195C00BBCF03 /* Release */,
			);
			defaultConfigurationIsVisible = 0;
			defaultConfigurationName = Release;
		};
		FD3B38D62B06195C00BBCF03 /* Build configuration list for PBXNativeTarget "iOSCellcomHomeTask" */ = {
			isa = XCConfigurationList;
			buildConfigurations = (
				FD3B38D72B06195C00BBCF03 /* Debug */,
				FD3B38D82B06195C00BBCF03 /* Release */,
			);
			defaultConfigurationIsVisible = 0;
			defaultConfigurationName = Release;
		};
/* End XCConfigurationList section */

/* Begin XCSwiftPackageProductDependency section */
		FD5F71DB2B1E29BA0079AEFC /* CellcomHometaskProtocols */ = {
			isa = XCSwiftPackageProductDependency;
			productName = CellcomHometaskProtocols;
		};
		FD5F71E32B1E2C340079AEFC /* CellcomHometaskProtocols */ = {
			isa = XCSwiftPackageProductDependency;
			productName = CellcomHometaskProtocols;
		};
		FD5F71E82B1E2E1E0079AEFC /* CellcomHometaskModels */ = {
			isa = XCSwiftPackageProductDependency;
			productName = CellcomHometaskModels;
		};
		FD5F71EB2B1E317E0079AEFC /* CellcomHometaskNetwork */ = {
			isa = XCSwiftPackageProductDependency;
			productName = CellcomHometaskNetwork;
		};
/* End XCSwiftPackageProductDependency section */
	};
	rootObject = FD3B38BA2B06195900BBCF03 /* Project object */;
}
