// !$*UTF8*$!
{
	archiveVersion = 1;
	classes = {
	};
	objectVersion = 56;
	objects = {

/* Begin PBXBuildFile section */
		FD3B38C62B06195900BBCF03 /* AppDelegate.swift in Sources */ = {isa = PBXBuildFile; fileRef = FD3B38C52B06195900BBCF03 /* AppDelegate.swift */; };
		FD3B38C82B06195900BBCF03 /* SceneDelegate.swift in Sources */ = {isa = PBXBuildFile; fileRef = FD3B38C72B06195900BBCF03 /* SceneDelegate.swift */; };
		FD3B38CF2B06195C00BBCF03 /* Assets.xcassets in Resources */ = {isa = PBXBuildFile; fileRef = FD3B38CE2B06195C00BBCF03 /* Assets.xcassets */; };
		FD3B38D22B06195C00BBCF03 /* LaunchScreen.storyboard in Resources */ = {isa = PBXBuildFile; fileRef = FD3B38D02B06195C00BBCF03 /* LaunchScreen.storyboard */; };
		FD3B38E02B061E1300BBCF03 /* NetworkWorker.swift in Sources */ = {isa = PBXBuildFile; fileRef = FD3B38DF2B061E1300BBCF03 /* NetworkWorker.swift */; };
		FD3B38E22B06239100BBCF03 /* MoviesListFactory.swift in Sources */ = {isa = PBXBuildFile; fileRef = FD3B38E12B06239100BBCF03 /* MoviesListFactory.swift */; };
		FD3B38E52B0632BC00BBCF03 /* Movie.swift in Sources */ = {isa = PBXBuildFile; fileRef = FD3B38E42B0632BC00BBCF03 /* Movie.swift */; };
		FD3B38E72B0632C500BBCF03 /* MovieList.swift in Sources */ = {isa = PBXBuildFile; fileRef = FD3B38E62B0632C500BBCF03 /* MovieList.swift */; };
		FD3B38EA2B06332100BBCF03 /* MovieList+CodingKeys.swift in Sources */ = {isa = PBXBuildFile; fileRef = FD3B38E92B06332100BBCF03 /* MovieList+CodingKeys.swift */; };
		FD3B38EC2B06334000BBCF03 /* Movie+CodingKeys.swift in Sources */ = {isa = PBXBuildFile; fileRef = FD3B38EB2B06334000BBCF03 /* Movie+CodingKeys.swift */; };
		FD3B38F02B0634E000BBCF03 /* PopularMoviePagesProvider.swift in Sources */ = {isa = PBXBuildFile; fileRef = FD3B38EF2B0634E000BBCF03 /* PopularMoviePagesProvider.swift */; };
		FD3B38F22B0634F800BBCF03 /* MyFavoriteMoviePagesProvider.swift in Sources */ = {isa = PBXBuildFile; fileRef = FD3B38F12B0634F800BBCF03 /* MyFavoriteMoviePagesProvider.swift */; };
		FD3B38F42B06351700BBCF03 /* CurrentlyBroadcastMoviePagesProvider.swift in Sources */ = {isa = PBXBuildFile; fileRef = FD3B38F32B06351700BBCF03 /* CurrentlyBroadcastMoviePagesProvider.swift */; };
		FD3B38F62B06356F00BBCF03 /* MovieFetchingError.swift in Sources */ = {isa = PBXBuildFile; fileRef = FD3B38F52B06356F00BBCF03 /* MovieFetchingError.swift */; };
		FD3B38F82B0635BD00BBCF03 /* NetworkWorker+PopularMoviesProvider.swift in Sources */ = {isa = PBXBuildFile; fileRef = FD3B38F72B0635BD00BBCF03 /* NetworkWorker+PopularMoviesProvider.swift */; };
		FD3B38FA2B0635FC00BBCF03 /* NetworkWorker+MyFavoritesMoviesProvider.swift in Sources */ = {isa = PBXBuildFile; fileRef = FD3B38F92B0635FC00BBCF03 /* NetworkWorker+MyFavoritesMoviesProvider.swift */; };
		FD3B38FC2B06361500BBCF03 /* NetworkWorker+CurrentlyBroadcastMoviesProvider.swift in Sources */ = {isa = PBXBuildFile; fileRef = FD3B38FB2B06361500BBCF03 /* NetworkWorker+CurrentlyBroadcastMoviesProvider.swift */; };
		FD3B38FE2B063D2400BBCF03 /* Account.swift in Sources */ = {isa = PBXBuildFile; fileRef = FD3B38FD2B063D2400BBCF03 /* Account.swift */; };
		FD3B39002B06442100BBCF03 /* Session.swift in Sources */ = {isa = PBXBuildFile; fileRef = FD3B38FF2B06442100BBCF03 /* Session.swift */; };
		FD3B39022B0644FE00BBCF03 /* AccountDetailsProvider.swift in Sources */ = {isa = PBXBuildFile; fileRef = FD3B39012B0644FE00BBCF03 /* AccountDetailsProvider.swift */; };
		FD3B39042B06452300BBCF03 /* NetworkWorker+AccountDetailsProvider.swift in Sources */ = {isa = PBXBuildFile; fileRef = FD3B39032B06452300BBCF03 /* NetworkWorker+AccountDetailsProvider.swift */; };
		FD3B39062B06496700BBCF03 /* RequestToken.swift in Sources */ = {isa = PBXBuildFile; fileRef = FD3B39052B06496700BBCF03 /* RequestToken.swift */; };
		FD3B390B2B07680E00BBCF03 /* AuthWorker.swift in Sources */ = {isa = PBXBuildFile; fileRef = FD3B390A2B07680E00BBCF03 /* AuthWorker.swift */; };
		FD3B390E2B07689800BBCF03 /* UserAuthPermissionWebViewController.swift in Sources */ = {isa = PBXBuildFile; fileRef = FD3B390D2B07689800BBCF03 /* UserAuthPermissionWebViewController.swift */; };
		FD3B39122B076B1D00BBCF03 /* RequestTokenProvider.swift in Sources */ = {isa = PBXBuildFile; fileRef = FD3B39112B076B1D00BBCF03 /* RequestTokenProvider.swift */; };
		FD3B39142B076B3400BBCF03 /* SessionProvider.swift in Sources */ = {isa = PBXBuildFile; fileRef = FD3B39132B076B3400BBCF03 /* SessionProvider.swift */; };
		FD3B39172B076B5700BBCF03 /* NetworkWorker+SessionProvider.swift in Sources */ = {isa = PBXBuildFile; fileRef = FD3B39162B076B5700BBCF03 /* NetworkWorker+SessionProvider.swift */; };
		FD3B39192B076B7500BBCF03 /* NetworkWorker+RequestTokenProvider.swift in Sources */ = {isa = PBXBuildFile; fileRef = FD3B39182B076B7500BBCF03 /* NetworkWorker+RequestTokenProvider.swift */; };
		FD3B391C2B076B9E00BBCF03 /* AuthProvider.swift in Sources */ = {isa = PBXBuildFile; fileRef = FD3B391B2B076B9E00BBCF03 /* AuthProvider.swift */; };
		FD3B391E2B076D1600BBCF03 /* GuestSessionProvider.swift in Sources */ = {isa = PBXBuildFile; fileRef = FD3B391D2B076D1600BBCF03 /* GuestSessionProvider.swift */; };
		FD3B39202B076D4700BBCF03 /* NetworkWorker+GuestSessionProvider.swift in Sources */ = {isa = PBXBuildFile; fileRef = FD3B391F2B076D4700BBCF03 /* NetworkWorker+GuestSessionProvider.swift */; };
		FD3B39222B076D6500BBCF03 /* GuestSession.swift in Sources */ = {isa = PBXBuildFile; fileRef = FD3B39212B076D6500BBCF03 /* GuestSession.swift */; };
		FD3B39252B09775700BBCF03 /* Session+CodingKeys.swift in Sources */ = {isa = PBXBuildFile; fileRef = FD3B39242B09775600BBCF03 /* Session+CodingKeys.swift */; };
		FD3B39272B09777900BBCF03 /* RequestToken+CodingKeys.swift in Sources */ = {isa = PBXBuildFile; fileRef = FD3B39262B09777900BBCF03 /* RequestToken+CodingKeys.swift */; };
		FD3B39292B09F83600BBCF03 /* NetworkWorker+SessionUpdater.swift in Sources */ = {isa = PBXBuildFile; fileRef = FD3B39282B09F83600BBCF03 /* NetworkWorker+SessionUpdater.swift */; };
		FD3B392B2B0A03F100BBCF03 /* AuthenticationNetworkDecorator.swift in Sources */ = {isa = PBXBuildFile; fileRef = FD3B392A2B0A03F100BBCF03 /* AuthenticationNetworkDecorator.swift */; };
		FD3B392E2B0A1B1000BBCF03 /* SessionUpdater.swift in Sources */ = {isa = PBXBuildFile; fileRef = FD3B392D2B0A1B1000BBCF03 /* SessionUpdater.swift */; };
		FD3B39302B0A3EF900BBCF03 /* AccountUpdater.swift in Sources */ = {isa = PBXBuildFile; fileRef = FD3B392F2B0A3EF900BBCF03 /* AccountUpdater.swift */; };
		FD3B39322B0A3F9800BBCF03 /* NetworkWorker+AccountUpdater.swift in Sources */ = {isa = PBXBuildFile; fileRef = FD3B39312B0A3F9800BBCF03 /* NetworkWorker+AccountUpdater.swift */; };
		FD3B39342B0A49F400BBCF03 /* String+Extensions.swift in Sources */ = {isa = PBXBuildFile; fileRef = FD3B39332B0A49F400BBCF03 /* String+Extensions.swift */; };
		FD3B39362B0A4A0F00BBCF03 /* TMDBResponse.swift in Sources */ = {isa = PBXBuildFile; fileRef = FD3B39352B0A4A0F00BBCF03 /* TMDBResponse.swift */; };
		FD3B39382B0A4AA900BBCF03 /* ErrorData.swift in Sources */ = {isa = PBXBuildFile; fileRef = FD3B39372B0A4AA900BBCF03 /* ErrorData.swift */; };
		FD3B393A2B0A4BFE00BBCF03 /* FavoriteMovieUpdater.swift in Sources */ = {isa = PBXBuildFile; fileRef = FD3B39392B0A4BFE00BBCF03 /* FavoriteMovieUpdater.swift */; };
		FD3B393C2B0A4E2400BBCF03 /* AccountDetailsProviderNetworkDecorator.swift in Sources */ = {isa = PBXBuildFile; fileRef = FD3B393B2B0A4E2400BBCF03 /* AccountDetailsProviderNetworkDecorator.swift */; };
		FD3B393E2B0A4E5900BBCF03 /* AccountDetailsProviderWorker.swift in Sources */ = {isa = PBXBuildFile; fileRef = FD3B393D2B0A4E5900BBCF03 /* AccountDetailsProviderWorker.swift */; };
		FD3B39402B0A663000BBCF03 /* NetworkWorker+FavoriteMovieUpdater.swift in Sources */ = {isa = PBXBuildFile; fileRef = FD3B393F2B0A663000BBCF03 /* NetworkWorker+FavoriteMovieUpdater.swift */; };
		FD3B39422B0A680500BBCF03 /* FavoriteMovie.swift in Sources */ = {isa = PBXBuildFile; fileRef = FD3B39412B0A680500BBCF03 /* FavoriteMovie.swift */; };
		FD3B39442B0A684E00BBCF03 /* FavoriteMovie+CodingKeys.swift in Sources */ = {isa = PBXBuildFile; fileRef = FD3B39432B0A684E00BBCF03 /* FavoriteMovie+CodingKeys.swift */; };
		FD3B39462B0A6C3800BBCF03 /* MoviesListViewModel.swift in Sources */ = {isa = PBXBuildFile; fileRef = FD3B39452B0A6C3800BBCF03 /* MoviesListViewModel.swift */; };
		FD3B39482B0A6C5400BBCF03 /* MoviesListViewController.swift in Sources */ = {isa = PBXBuildFile; fileRef = FD3B39472B0A6C5400BBCF03 /* MoviesListViewController.swift */; };
		FD3B394A2B0A6C7C00BBCF03 /* MoviesListCoordinator.swift in Sources */ = {isa = PBXBuildFile; fileRef = FD3B39492B0A6C7C00BBCF03 /* MoviesListCoordinator.swift */; };
		FD94FAAA2B0B82EF002A820F /* HighResImageProvider.swift in Sources */ = {isa = PBXBuildFile; fileRef = FD94FAA92B0B82EF002A820F /* HighResImageProvider.swift */; };
		FD94FAAC2B0B8302002A820F /* LowResImageProvider.swift in Sources */ = {isa = PBXBuildFile; fileRef = FD94FAAB2B0B8302002A820F /* LowResImageProvider.swift */; };
		FD94FAAE2B0B839D002A820F /* NetworkWorker+LowResImageProvider.swift in Sources */ = {isa = PBXBuildFile; fileRef = FD94FAAD2B0B839D002A820F /* NetworkWorker+LowResImageProvider.swift */; };
		FD94FAB02B0B83D2002A820F /* NetworkWorker+HighResImageProvider.swift in Sources */ = {isa = PBXBuildFile; fileRef = FD94FAAF2B0B83D2002A820F /* NetworkWorker+HighResImageProvider.swift */; };
		FD94FAB22B0B8466002A820F /* MoviesProviderFacade.swift in Sources */ = {isa = PBXBuildFile; fileRef = FD94FAB12B0B8466002A820F /* MoviesProviderFacade.swift */; };
		FD94FAB42B0B997D002A820F /* MovieListCell.swift in Sources */ = {isa = PBXBuildFile; fileRef = FD94FAB32B0B997D002A820F /* MovieListCell.swift */; };
		FD94FAB62B0B9E17002A820F /* MovieListCellViewModel.swift in Sources */ = {isa = PBXBuildFile; fileRef = FD94FAB52B0B9E17002A820F /* MovieListCellViewModel.swift */; };
		FDF840122B14AC6200FC2D9C /* MoviesPageWorker.swift in Sources */ = {isa = PBXBuildFile; fileRef = FDF840112B14AC6200FC2D9C /* MoviesPageWorker.swift */; };
		FDF840192B14C26100FC2D9C /* MovieDetailsFactory.swift in Sources */ = {isa = PBXBuildFile; fileRef = FDF840182B14C26100FC2D9C /* MovieDetailsFactory.swift */; };
		FDF8401B2B14C32000FC2D9C /* MoviesListRouter.swift in Sources */ = {isa = PBXBuildFile; fileRef = FDF8401A2B14C32000FC2D9C /* MoviesListRouter.swift */; };
		FDF8401D2B15C0D300FC2D9C /* MovieDetailsViewModel.swift in Sources */ = {isa = PBXBuildFile; fileRef = FDF8401C2B15C0D300FC2D9C /* MovieDetailsViewModel.swift */; };
		FDF8401F2B15C0F200FC2D9C /* MovieDetailsViewController.swift in Sources */ = {isa = PBXBuildFile; fileRef = FDF8401E2B15C0F200FC2D9C /* MovieDetailsViewController.swift */; };
		FDF840212B15C10000FC2D9C /* MovieDetailsCoordinator.swift in Sources */ = {isa = PBXBuildFile; fileRef = FDF840202B15C10000FC2D9C /* MovieDetailsCoordinator.swift */; };
		FDF840232B15C14B00FC2D9C /* UserAuthPermissionCoordinator.swift in Sources */ = {isa = PBXBuildFile; fileRef = FDF840222B15C14B00FC2D9C /* UserAuthPermissionCoordinator.swift */; };
/* End PBXBuildFile section */

/* Begin PBXFileReference section */
		FD3B38C22B06195900BBCF03 /* CellcomHomeTask.app */ = {isa = PBXFileReference; explicitFileType = wrapper.application; includeInIndex = 0; path = CellcomHomeTask.app; sourceTree = BUILT_PRODUCTS_DIR; };
		FD3B38C52B06195900BBCF03 /* AppDelegate.swift */ = {isa = PBXFileReference; lastKnownFileType = sourcecode.swift; path = AppDelegate.swift; sourceTree = "<group>"; };
		FD3B38C72B06195900BBCF03 /* SceneDelegate.swift */ = {isa = PBXFileReference; lastKnownFileType = sourcecode.swift; path = SceneDelegate.swift; sourceTree = "<group>"; };
		FD3B38CE2B06195C00BBCF03 /* Assets.xcassets */ = {isa = PBXFileReference; lastKnownFileType = folder.assetcatalog; path = Assets.xcassets; sourceTree = "<group>"; };
		FD3B38D12B06195C00BBCF03 /* Base */ = {isa = PBXFileReference; lastKnownFileType = file.storyboard; name = Base; path = Base.lproj/LaunchScreen.storyboard; sourceTree = "<group>"; };
		FD3B38D32B06195C00BBCF03 /* Info.plist */ = {isa = PBXFileReference; lastKnownFileType = text.plist.xml; path = Info.plist; sourceTree = "<group>"; };
		FD3B38DE2B061DBE00BBCF03 /* README.md */ = {isa = PBXFileReference; lastKnownFileType = net.daringfireball.markdown; path = README.md; sourceTree = "<group>"; };
		FD3B38DF2B061E1300BBCF03 /* NetworkWorker.swift */ = {isa = PBXFileReference; lastKnownFileType = sourcecode.swift; path = NetworkWorker.swift; sourceTree = "<group>"; };
		FD3B38E12B06239100BBCF03 /* MoviesListFactory.swift */ = {isa = PBXFileReference; lastKnownFileType = sourcecode.swift; path = MoviesListFactory.swift; sourceTree = "<group>"; };
		FD3B38E42B0632BC00BBCF03 /* Movie.swift */ = {isa = PBXFileReference; lastKnownFileType = sourcecode.swift; path = Movie.swift; sourceTree = "<group>"; };
		FD3B38E62B0632C500BBCF03 /* MovieList.swift */ = {isa = PBXFileReference; lastKnownFileType = sourcecode.swift; path = MovieList.swift; sourceTree = "<group>"; };
		FD3B38E92B06332100BBCF03 /* MovieList+CodingKeys.swift */ = {isa = PBXFileReference; lastKnownFileType = sourcecode.swift; path = "MovieList+CodingKeys.swift"; sourceTree = "<group>"; };
		FD3B38EB2B06334000BBCF03 /* Movie+CodingKeys.swift */ = {isa = PBXFileReference; lastKnownFileType = sourcecode.swift; path = "Movie+CodingKeys.swift"; sourceTree = "<group>"; };
		FD3B38EF2B0634E000BBCF03 /* PopularMoviePagesProvider.swift */ = {isa = PBXFileReference; lastKnownFileType = sourcecode.swift; path = PopularMoviePagesProvider.swift; sourceTree = "<group>"; };
		FD3B38F12B0634F800BBCF03 /* MyFavoriteMoviePagesProvider.swift */ = {isa = PBXFileReference; lastKnownFileType = sourcecode.swift; path = MyFavoriteMoviePagesProvider.swift; sourceTree = "<group>"; };
		FD3B38F32B06351700BBCF03 /* CurrentlyBroadcastMoviePagesProvider.swift */ = {isa = PBXFileReference; lastKnownFileType = sourcecode.swift; path = CurrentlyBroadcastMoviePagesProvider.swift; sourceTree = "<group>"; };
		FD3B38F52B06356F00BBCF03 /* MovieFetchingError.swift */ = {isa = PBXFileReference; lastKnownFileType = sourcecode.swift; path = MovieFetchingError.swift; sourceTree = "<group>"; };
		FD3B38F72B0635BD00BBCF03 /* NetworkWorker+PopularMoviesProvider.swift */ = {isa = PBXFileReference; lastKnownFileType = sourcecode.swift; path = "NetworkWorker+PopularMoviesProvider.swift"; sourceTree = "<group>"; };
		FD3B38F92B0635FC00BBCF03 /* NetworkWorker+MyFavoritesMoviesProvider.swift */ = {isa = PBXFileReference; lastKnownFileType = sourcecode.swift; path = "NetworkWorker+MyFavoritesMoviesProvider.swift"; sourceTree = "<group>"; };
		FD3B38FB2B06361500BBCF03 /* NetworkWorker+CurrentlyBroadcastMoviesProvider.swift */ = {isa = PBXFileReference; lastKnownFileType = sourcecode.swift; path = "NetworkWorker+CurrentlyBroadcastMoviesProvider.swift"; sourceTree = "<group>"; };
		FD3B38FD2B063D2400BBCF03 /* Account.swift */ = {isa = PBXFileReference; lastKnownFileType = sourcecode.swift; path = Account.swift; sourceTree = "<group>"; };
		FD3B38FF2B06442100BBCF03 /* Session.swift */ = {isa = PBXFileReference; lastKnownFileType = sourcecode.swift; path = Session.swift; sourceTree = "<group>"; };
		FD3B39012B0644FE00BBCF03 /* AccountDetailsProvider.swift */ = {isa = PBXFileReference; lastKnownFileType = sourcecode.swift; path = AccountDetailsProvider.swift; sourceTree = "<group>"; };
		FD3B39032B06452300BBCF03 /* NetworkWorker+AccountDetailsProvider.swift */ = {isa = PBXFileReference; lastKnownFileType = sourcecode.swift; path = "NetworkWorker+AccountDetailsProvider.swift"; sourceTree = "<group>"; };
		FD3B39052B06496700BBCF03 /* RequestToken.swift */ = {isa = PBXFileReference; lastKnownFileType = sourcecode.swift; path = RequestToken.swift; sourceTree = "<group>"; };
		FD3B390A2B07680E00BBCF03 /* AuthWorker.swift */ = {isa = PBXFileReference; lastKnownFileType = sourcecode.swift; path = AuthWorker.swift; sourceTree = "<group>"; };
		FD3B390D2B07689800BBCF03 /* UserAuthPermissionWebViewController.swift */ = {isa = PBXFileReference; lastKnownFileType = sourcecode.swift; path = UserAuthPermissionWebViewController.swift; sourceTree = "<group>"; };
		FD3B39112B076B1D00BBCF03 /* RequestTokenProvider.swift */ = {isa = PBXFileReference; lastKnownFileType = sourcecode.swift; path = RequestTokenProvider.swift; sourceTree = "<group>"; };
		FD3B39132B076B3400BBCF03 /* SessionProvider.swift */ = {isa = PBXFileReference; lastKnownFileType = sourcecode.swift; path = SessionProvider.swift; sourceTree = "<group>"; };
		FD3B39162B076B5700BBCF03 /* NetworkWorker+SessionProvider.swift */ = {isa = PBXFileReference; lastKnownFileType = sourcecode.swift; path = "NetworkWorker+SessionProvider.swift"; sourceTree = "<group>"; };
		FD3B39182B076B7500BBCF03 /* NetworkWorker+RequestTokenProvider.swift */ = {isa = PBXFileReference; lastKnownFileType = sourcecode.swift; path = "NetworkWorker+RequestTokenProvider.swift"; sourceTree = "<group>"; };
		FD3B391B2B076B9E00BBCF03 /* AuthProvider.swift */ = {isa = PBXFileReference; lastKnownFileType = sourcecode.swift; path = AuthProvider.swift; sourceTree = "<group>"; };
		FD3B391D2B076D1600BBCF03 /* GuestSessionProvider.swift */ = {isa = PBXFileReference; lastKnownFileType = sourcecode.swift; path = GuestSessionProvider.swift; sourceTree = "<group>"; };
		FD3B391F2B076D4700BBCF03 /* NetworkWorker+GuestSessionProvider.swift */ = {isa = PBXFileReference; lastKnownFileType = sourcecode.swift; path = "NetworkWorker+GuestSessionProvider.swift"; sourceTree = "<group>"; };
		FD3B39212B076D6500BBCF03 /* GuestSession.swift */ = {isa = PBXFileReference; lastKnownFileType = sourcecode.swift; path = GuestSession.swift; sourceTree = "<group>"; };
		FD3B39242B09775600BBCF03 /* Session+CodingKeys.swift */ = {isa = PBXFileReference; lastKnownFileType = sourcecode.swift; path = "Session+CodingKeys.swift"; sourceTree = "<group>"; };
		FD3B39262B09777900BBCF03 /* RequestToken+CodingKeys.swift */ = {isa = PBXFileReference; lastKnownFileType = sourcecode.swift; path = "RequestToken+CodingKeys.swift"; sourceTree = "<group>"; };
		FD3B39282B09F83600BBCF03 /* NetworkWorker+SessionUpdater.swift */ = {isa = PBXFileReference; lastKnownFileType = sourcecode.swift; path = "NetworkWorker+SessionUpdater.swift"; sourceTree = "<group>"; };
		FD3B392A2B0A03F100BBCF03 /* AuthenticationNetworkDecorator.swift */ = {isa = PBXFileReference; lastKnownFileType = sourcecode.swift; path = AuthenticationNetworkDecorator.swift; sourceTree = "<group>"; };
		FD3B392D2B0A1B1000BBCF03 /* SessionUpdater.swift */ = {isa = PBXFileReference; lastKnownFileType = sourcecode.swift; path = SessionUpdater.swift; sourceTree = "<group>"; };
		FD3B392F2B0A3EF900BBCF03 /* AccountUpdater.swift */ = {isa = PBXFileReference; lastKnownFileType = sourcecode.swift; path = AccountUpdater.swift; sourceTree = "<group>"; };
		FD3B39312B0A3F9800BBCF03 /* NetworkWorker+AccountUpdater.swift */ = {isa = PBXFileReference; lastKnownFileType = sourcecode.swift; path = "NetworkWorker+AccountUpdater.swift"; sourceTree = "<group>"; };
		FD3B39332B0A49F400BBCF03 /* String+Extensions.swift */ = {isa = PBXFileReference; lastKnownFileType = sourcecode.swift; path = "String+Extensions.swift"; sourceTree = "<group>"; };
		FD3B39352B0A4A0F00BBCF03 /* TMDBResponse.swift */ = {isa = PBXFileReference; lastKnownFileType = sourcecode.swift; path = TMDBResponse.swift; sourceTree = "<group>"; };
		FD3B39372B0A4AA900BBCF03 /* ErrorData.swift */ = {isa = PBXFileReference; lastKnownFileType = sourcecode.swift; path = ErrorData.swift; sourceTree = "<group>"; };
		FD3B39392B0A4BFE00BBCF03 /* FavoriteMovieUpdater.swift */ = {isa = PBXFileReference; lastKnownFileType = sourcecode.swift; path = FavoriteMovieUpdater.swift; sourceTree = "<group>"; };
		FD3B393B2B0A4E2400BBCF03 /* AccountDetailsProviderNetworkDecorator.swift */ = {isa = PBXFileReference; lastKnownFileType = sourcecode.swift; path = AccountDetailsProviderNetworkDecorator.swift; sourceTree = "<group>"; };
		FD3B393D2B0A4E5900BBCF03 /* AccountDetailsProviderWorker.swift */ = {isa = PBXFileReference; lastKnownFileType = sourcecode.swift; path = AccountDetailsProviderWorker.swift; sourceTree = "<group>"; };
		FD3B393F2B0A663000BBCF03 /* NetworkWorker+FavoriteMovieUpdater.swift */ = {isa = PBXFileReference; lastKnownFileType = sourcecode.swift; path = "NetworkWorker+FavoriteMovieUpdater.swift"; sourceTree = "<group>"; };
		FD3B39412B0A680500BBCF03 /* FavoriteMovie.swift */ = {isa = PBXFileReference; lastKnownFileType = sourcecode.swift; path = FavoriteMovie.swift; sourceTree = "<group>"; };
		FD3B39432B0A684E00BBCF03 /* FavoriteMovie+CodingKeys.swift */ = {isa = PBXFileReference; lastKnownFileType = sourcecode.swift; path = "FavoriteMovie+CodingKeys.swift"; sourceTree = "<group>"; };
		FD3B39452B0A6C3800BBCF03 /* MoviesListViewModel.swift */ = {isa = PBXFileReference; lastKnownFileType = sourcecode.swift; path = MoviesListViewModel.swift; sourceTree = "<group>"; };
		FD3B39472B0A6C5400BBCF03 /* MoviesListViewController.swift */ = {isa = PBXFileReference; lastKnownFileType = sourcecode.swift; path = MoviesListViewController.swift; sourceTree = "<group>"; };
		FD3B39492B0A6C7C00BBCF03 /* MoviesListCoordinator.swift */ = {isa = PBXFileReference; lastKnownFileType = sourcecode.swift; path = MoviesListCoordinator.swift; sourceTree = "<group>"; };
		FD94FAA92B0B82EF002A820F /* HighResImageProvider.swift */ = {isa = PBXFileReference; lastKnownFileType = sourcecode.swift; path = HighResImageProvider.swift; sourceTree = "<group>"; };
		FD94FAAB2B0B8302002A820F /* LowResImageProvider.swift */ = {isa = PBXFileReference; lastKnownFileType = sourcecode.swift; path = LowResImageProvider.swift; sourceTree = "<group>"; };
		FD94FAAD2B0B839D002A820F /* NetworkWorker+LowResImageProvider.swift */ = {isa = PBXFileReference; lastKnownFileType = sourcecode.swift; path = "NetworkWorker+LowResImageProvider.swift"; sourceTree = "<group>"; };
		FD94FAAF2B0B83D2002A820F /* NetworkWorker+HighResImageProvider.swift */ = {isa = PBXFileReference; lastKnownFileType = sourcecode.swift; path = "NetworkWorker+HighResImageProvider.swift"; sourceTree = "<group>"; };
		FD94FAB12B0B8466002A820F /* MoviesProviderFacade.swift */ = {isa = PBXFileReference; lastKnownFileType = sourcecode.swift; path = MoviesProviderFacade.swift; sourceTree = "<group>"; };
		FD94FAB32B0B997D002A820F /* MovieListCell.swift */ = {isa = PBXFileReference; lastKnownFileType = sourcecode.swift; path = MovieListCell.swift; sourceTree = "<group>"; };
		FD94FAB52B0B9E17002A820F /* MovieListCellViewModel.swift */ = {isa = PBXFileReference; lastKnownFileType = sourcecode.swift; path = MovieListCellViewModel.swift; sourceTree = "<group>"; };
		FDF840112B14AC6200FC2D9C /* MoviesPageWorker.swift */ = {isa = PBXFileReference; lastKnownFileType = sourcecode.swift; path = MoviesPageWorker.swift; sourceTree = "<group>"; };
		FDF840182B14C26100FC2D9C /* MovieDetailsFactory.swift */ = {isa = PBXFileReference; lastKnownFileType = sourcecode.swift; path = MovieDetailsFactory.swift; sourceTree = "<group>"; };
		FDF8401A2B14C32000FC2D9C /* MoviesListRouter.swift */ = {isa = PBXFileReference; lastKnownFileType = sourcecode.swift; path = MoviesListRouter.swift; sourceTree = "<group>"; };
		FDF8401C2B15C0D300FC2D9C /* MovieDetailsViewModel.swift */ = {isa = PBXFileReference; lastKnownFileType = sourcecode.swift; path = MovieDetailsViewModel.swift; sourceTree = "<group>"; };
		FDF8401E2B15C0F200FC2D9C /* MovieDetailsViewController.swift */ = {isa = PBXFileReference; lastKnownFileType = sourcecode.swift; path = MovieDetailsViewController.swift; sourceTree = "<group>"; };
		FDF840202B15C10000FC2D9C /* MovieDetailsCoordinator.swift */ = {isa = PBXFileReference; lastKnownFileType = sourcecode.swift; path = MovieDetailsCoordinator.swift; sourceTree = "<group>"; };
		FDF840222B15C14B00FC2D9C /* UserAuthPermissionCoordinator.swift */ = {isa = PBXFileReference; lastKnownFileType = sourcecode.swift; path = UserAuthPermissionCoordinator.swift; sourceTree = "<group>"; };
/* End PBXFileReference section */

/* Begin PBXFrameworksBuildPhase section */
		FD3B38BF2B06195900BBCF03 /* Frameworks */ = {
			isa = PBXFrameworksBuildPhase;
			buildActionMask = 2147483647;
			files = (
			);
			runOnlyForDeploymentPostprocessing = 0;
		};
/* End PBXFrameworksBuildPhase section */

/* Begin PBXGroup section */
		FD3B38B92B06195900BBCF03 = {
			isa = PBXGroup;
			children = (
				FD3B38DE2B061DBE00BBCF03 /* README.md */,
				FD3B38C42B06195900BBCF03 /* CellcomHomeTask */,
				FD3B38C32B06195900BBCF03 /* Products */,
			);
			sourceTree = "<group>";
		};
		FD3B38C32B06195900BBCF03 /* Products */ = {
			isa = PBXGroup;
			children = (
				FD3B38C22B06195900BBCF03 /* CellcomHomeTask.app */,
			);
			name = Products;
			sourceTree = "<group>";
		};
		FD3B38C42B06195900BBCF03 /* CellcomHomeTask */ = {
			isa = PBXGroup;
			children = (
				FD3B38D92B061C5D00BBCF03 /* AppLayer */,
				FD3B38ED2B0634C900BBCF03 /* Protocols */,
				FD3B38E32B0632B400BBCF03 /* Models */,
				FD3B38DB2B061C7B00BBCF03 /* Scenes */,
				FD3B38DA2B061C6800BBCF03 /* NetworkLayer */,
			);
			path = CellcomHomeTask;
			sourceTree = "<group>";
		};
		FD3B38D92B061C5D00BBCF03 /* AppLayer */ = {
			isa = PBXGroup;
			children = (
				FD3B38C52B06195900BBCF03 /* AppDelegate.swift */,
				FD3B38C72B06195900BBCF03 /* SceneDelegate.swift */,
				FD3B38CE2B06195C00BBCF03 /* Assets.xcassets */,
				FD3B38D02B06195C00BBCF03 /* LaunchScreen.storyboard */,
				FD3B38D32B06195C00BBCF03 /* Info.plist */,
			);
			path = AppLayer;
			sourceTree = "<group>";
		};
		FD3B38DA2B061C6800BBCF03 /* NetworkLayer */ = {
			isa = PBXGroup;
			children = (
				FD3B38DF2B061E1300BBCF03 /* NetworkWorker.swift */,
				FD3B39352B0A4A0F00BBCF03 /* TMDBResponse.swift */,
				FD3B38EE2B0634CF00BBCF03 /* NetworkWorker+Extensions */,
				FD3B38E82B0632FB00BBCF03 /* Models+Extensions */,
				FDF840152B14B96100FC2D9C /* Auth */,
				FDF840162B14B98200FC2D9C /* AccountDetails */,
			);
			path = NetworkLayer;
			sourceTree = "<group>";
		};
		FD3B38DB2B061C7B00BBCF03 /* Scenes */ = {
			isa = PBXGroup;
			children = (
				FDF840172B14BA3C00FC2D9C /* MovieDetailsScene */,
				FD3B390C2B07688800BBCF03 /* UserAuthPermission */,
				FD3B38DC2B061C8100BBCF03 /* MoviesListScene */,
			);
			path = Scenes;
			sourceTree = "<group>";
		};
		FD3B38DC2B061C8100BBCF03 /* MoviesListScene */ = {
			isa = PBXGroup;
			children = (
				FDF8400C2B14ABFF00FC2D9C /* ViewModel */,
				FD94FAB72B0B9E38002A820F /* MovieListCell */,
				FD3B38E12B06239100BBCF03 /* MoviesListFactory.swift */,
				FD3B39492B0A6C7C00BBCF03 /* MoviesListCoordinator.swift */,
				FD3B39472B0A6C5400BBCF03 /* MoviesListViewController.swift */,
				FDF8401A2B14C32000FC2D9C /* MoviesListRouter.swift */,
			);
			path = MoviesListScene;
			sourceTree = "<group>";
		};
		FD3B38E32B0632B400BBCF03 /* Models */ = {
			isa = PBXGroup;
			children = (
				FD3B39072B0649A100BBCF03 /* Auth */,
				FD3B38E42B0632BC00BBCF03 /* Movie.swift */,
				FD3B38E62B0632C500BBCF03 /* MovieList.swift */,
				FD3B38F52B06356F00BBCF03 /* MovieFetchingError.swift */,
				FD3B39412B0A680500BBCF03 /* FavoriteMovie.swift */,
				FD3B39372B0A4AA900BBCF03 /* ErrorData.swift */,
			);
			path = Models;
			sourceTree = "<group>";
		};
		FD3B38E82B0632FB00BBCF03 /* Models+Extensions */ = {
			isa = PBXGroup;
			children = (
				FD3B39232B09774200BBCF03 /* Auth */,
				FD3B38E92B06332100BBCF03 /* MovieList+CodingKeys.swift */,
				FD3B38EB2B06334000BBCF03 /* Movie+CodingKeys.swift */,
				FD3B39332B0A49F400BBCF03 /* String+Extensions.swift */,
				FD3B39432B0A684E00BBCF03 /* FavoriteMovie+CodingKeys.swift */,
			);
			path = "Models+Extensions";
			sourceTree = "<group>";
		};
		FD3B38ED2B0634C900BBCF03 /* Protocols */ = {
			isa = PBXGroup;
			children = (
				FD3B39102B076B0300BBCF03 /* Auth */,
				FD3B38EF2B0634E000BBCF03 /* PopularMoviePagesProvider.swift */,
				FD3B39392B0A4BFE00BBCF03 /* FavoriteMovieUpdater.swift */,
				FD3B38F12B0634F800BBCF03 /* MyFavoriteMoviePagesProvider.swift */,
				FD3B38F32B06351700BBCF03 /* CurrentlyBroadcastMoviePagesProvider.swift */,
				FD94FAAB2B0B8302002A820F /* LowResImageProvider.swift */,
				FD94FAA92B0B82EF002A820F /* HighResImageProvider.swift */,
			);
			path = Protocols;
			sourceTree = "<group>";
		};
		FD3B38EE2B0634CF00BBCF03 /* NetworkWorker+Extensions */ = {
			isa = PBXGroup;
			children = (
				FD3B39152B076B4000BBCF03 /* Auth */,
				FD3B38F72B0635BD00BBCF03 /* NetworkWorker+PopularMoviesProvider.swift */,
				FD3B38F92B0635FC00BBCF03 /* NetworkWorker+MyFavoritesMoviesProvider.swift */,
				FD3B393F2B0A663000BBCF03 /* NetworkWorker+FavoriteMovieUpdater.swift */,
				FD3B38FB2B06361500BBCF03 /* NetworkWorker+CurrentlyBroadcastMoviesProvider.swift */,
				FD94FAAD2B0B839D002A820F /* NetworkWorker+LowResImageProvider.swift */,
				FD94FAAF2B0B83D2002A820F /* NetworkWorker+HighResImageProvider.swift */,
			);
			path = "NetworkWorker+Extensions";
			sourceTree = "<group>";
		};
		FD3B39072B0649A100BBCF03 /* Auth */ = {
			isa = PBXGroup;
			children = (
				FD3B38FD2B063D2400BBCF03 /* Account.swift */,
				FD3B38FF2B06442100BBCF03 /* Session.swift */,
				FD3B39212B076D6500BBCF03 /* GuestSession.swift */,
				FD3B39052B06496700BBCF03 /* RequestToken.swift */,
			);
			path = Auth;
			sourceTree = "<group>";
		};
		FD3B390C2B07688800BBCF03 /* UserAuthPermission */ = {
			isa = PBXGroup;
			children = (
				FD3B390D2B07689800BBCF03 /* UserAuthPermissionWebViewController.swift */,
				FDF840222B15C14B00FC2D9C /* UserAuthPermissionCoordinator.swift */,
			);
			path = UserAuthPermission;
			sourceTree = "<group>";
		};
		FD3B39102B076B0300BBCF03 /* Auth */ = {
			isa = PBXGroup;
			children = (
				FD3B39112B076B1D00BBCF03 /* RequestTokenProvider.swift */,
				FD3B391B2B076B9E00BBCF03 /* AuthProvider.swift */,
				FD3B39132B076B3400BBCF03 /* SessionProvider.swift */,
				FD3B391D2B076D1600BBCF03 /* GuestSessionProvider.swift */,
				FD3B392D2B0A1B1000BBCF03 /* SessionUpdater.swift */,
				FD3B39012B0644FE00BBCF03 /* AccountDetailsProvider.swift */,
				FD3B392F2B0A3EF900BBCF03 /* AccountUpdater.swift */,
			);
			path = Auth;
			sourceTree = "<group>";
		};
		FD3B39152B076B4000BBCF03 /* Auth */ = {
			isa = PBXGroup;
			children = (
				FD3B39162B076B5700BBCF03 /* NetworkWorker+SessionProvider.swift */,
				FD3B39182B076B7500BBCF03 /* NetworkWorker+RequestTokenProvider.swift */,
				FD3B391F2B076D4700BBCF03 /* NetworkWorker+GuestSessionProvider.swift */,
				FD3B39282B09F83600BBCF03 /* NetworkWorker+SessionUpdater.swift */,
				FD3B39312B0A3F9800BBCF03 /* NetworkWorker+AccountUpdater.swift */,
				FD3B39032B06452300BBCF03 /* NetworkWorker+AccountDetailsProvider.swift */,
			);
			path = Auth;
			sourceTree = "<group>";
		};
		FD3B39232B09774200BBCF03 /* Auth */ = {
			isa = PBXGroup;
			children = (
				FD3B39242B09775600BBCF03 /* Session+CodingKeys.swift */,
				FD3B39262B09777900BBCF03 /* RequestToken+CodingKeys.swift */,
			);
			path = Auth;
			sourceTree = "<group>";
		};
		FD94FAB72B0B9E38002A820F /* MovieListCell */ = {
			isa = PBXGroup;
			children = (
				FD94FAB52B0B9E17002A820F /* MovieListCellViewModel.swift */,
				FD94FAB32B0B997D002A820F /* MovieListCell.swift */,
			);
			path = MovieListCell;
			sourceTree = "<group>";
		};
		FDF8400C2B14ABFF00FC2D9C /* ViewModel */ = {
			isa = PBXGroup;
			children = (
				FD3B39452B0A6C3800BBCF03 /* MoviesListViewModel.swift */,
				FDF840132B14AF0C00FC2D9C /* MoviesProvider */,
			);
			path = ViewModel;
			sourceTree = "<group>";
		};
		FDF840132B14AF0C00FC2D9C /* MoviesProvider */ = {
			isa = PBXGroup;
			children = (
				FD94FAB12B0B8466002A820F /* MoviesProviderFacade.swift */,
				FDF840112B14AC6200FC2D9C /* MoviesPageWorker.swift */,
			);
			path = MoviesProvider;
			sourceTree = "<group>";
		};
		FDF840152B14B96100FC2D9C /* Auth */ = {
			isa = PBXGroup;
			children = (
				FD3B390A2B07680E00BBCF03 /* AuthWorker.swift */,
				FD3B392A2B0A03F100BBCF03 /* AuthenticationNetworkDecorator.swift */,
			);
			path = Auth;
			sourceTree = "<group>";
		};
		FDF840162B14B98200FC2D9C /* AccountDetails */ = {
			isa = PBXGroup;
			children = (
				FD3B393D2B0A4E5900BBCF03 /* AccountDetailsProviderWorker.swift */,
				FD3B393B2B0A4E2400BBCF03 /* AccountDetailsProviderNetworkDecorator.swift */,
			);
			path = AccountDetails;
			sourceTree = "<group>";
		};
		FDF840172B14BA3C00FC2D9C /* MovieDetailsScene */ = {
			isa = PBXGroup;
			children = (
				FDF840182B14C26100FC2D9C /* MovieDetailsFactory.swift */,
				FDF840202B15C10000FC2D9C /* MovieDetailsCoordinator.swift */,
				FDF8401E2B15C0F200FC2D9C /* MovieDetailsViewController.swift */,
				FDF8401C2B15C0D300FC2D9C /* MovieDetailsViewModel.swift */,
			);
			path = MovieDetailsScene;
			sourceTree = "<group>";
		};
/* End PBXGroup section */

/* Begin PBXNativeTarget section */
		FD3B38C12B06195900BBCF03 /* CellcomHomeTask */ = {
			isa = PBXNativeTarget;
			buildConfigurationList = FD3B38D62B06195C00BBCF03 /* Build configuration list for PBXNativeTarget "CellcomHomeTask" */;
			buildPhases = (
				FD3B38BE2B06195900BBCF03 /* Sources */,
				FD3B38BF2B06195900BBCF03 /* Frameworks */,
				FD3B38C02B06195900BBCF03 /* Resources */,
			);
			buildRules = (
			);
			dependencies = (
			);
			name = CellcomHomeTask;
			productName = CellcomHomeTask;
			productReference = FD3B38C22B06195900BBCF03 /* CellcomHomeTask.app */;
			productType = "com.apple.product-type.application";
		};
/* End PBXNativeTarget section */

/* Begin PBXProject section */
		FD3B38BA2B06195900BBCF03 /* Project object */ = {
			isa = PBXProject;
			attributes = {
				BuildIndependentTargetsInParallel = 1;
				LastSwiftUpdateCheck = 1500;
				LastUpgradeCheck = 1500;
				TargetAttributes = {
					FD3B38C12B06195900BBCF03 = {
						CreatedOnToolsVersion = 15.0;
					};
				};
			};
			buildConfigurationList = FD3B38BD2B06195900BBCF03 /* Build configuration list for PBXProject "CellcomHomeTask" */;
			compatibilityVersion = "Xcode 14.0";
			developmentRegion = en;
			hasScannedForEncodings = 0;
			knownRegions = (
				en,
				Base,
			);
			mainGroup = FD3B38B92B06195900BBCF03;
			productRefGroup = FD3B38C32B06195900BBCF03 /* Products */;
			projectDirPath = "";
			projectRoot = "";
			targets = (
				FD3B38C12B06195900BBCF03 /* CellcomHomeTask */,
			);
		};
/* End PBXProject section */

/* Begin PBXResourcesBuildPhase section */
		FD3B38C02B06195900BBCF03 /* Resources */ = {
			isa = PBXResourcesBuildPhase;
			buildActionMask = 2147483647;
			files = (
				FD3B38D22B06195C00BBCF03 /* LaunchScreen.storyboard in Resources */,
				FD3B38CF2B06195C00BBCF03 /* Assets.xcassets in Resources */,
			);
			runOnlyForDeploymentPostprocessing = 0;
		};
/* End PBXResourcesBuildPhase section */

/* Begin PBXSourcesBuildPhase section */
		FD3B38BE2B06195900BBCF03 /* Sources */ = {
			isa = PBXSourcesBuildPhase;
			buildActionMask = 2147483647;
			files = (
				FD3B392B2B0A03F100BBCF03 /* AuthenticationNetworkDecorator.swift in Sources */,
				FD3B39482B0A6C5400BBCF03 /* MoviesListViewController.swift in Sources */,
				FD3B39222B076D6500BBCF03 /* GuestSession.swift in Sources */,
				FD3B39422B0A680500BBCF03 /* FavoriteMovie.swift in Sources */,
				FD3B38E52B0632BC00BBCF03 /* Movie.swift in Sources */,
				FD3B394A2B0A6C7C00BBCF03 /* MoviesListCoordinator.swift in Sources */,
				FD3B39002B06442100BBCF03 /* Session.swift in Sources */,
				FD3B390E2B07689800BBCF03 /* UserAuthPermissionWebViewController.swift in Sources */,
				FD3B39382B0A4AA900BBCF03 /* ErrorData.swift in Sources */,
				FD94FAAA2B0B82EF002A820F /* HighResImageProvider.swift in Sources */,
				FD3B38E72B0632C500BBCF03 /* MovieList.swift in Sources */,
				FDF840232B15C14B00FC2D9C /* UserAuthPermissionCoordinator.swift in Sources */,
				FD3B39062B06496700BBCF03 /* RequestToken.swift in Sources */,
				FD3B39202B076D4700BBCF03 /* NetworkWorker+GuestSessionProvider.swift in Sources */,
				FD94FAAC2B0B8302002A820F /* LowResImageProvider.swift in Sources */,
				FD3B391E2B076D1600BBCF03 /* GuestSessionProvider.swift in Sources */,
				FD3B38EA2B06332100BBCF03 /* MovieList+CodingKeys.swift in Sources */,
				FDF840122B14AC6200FC2D9C /* MoviesPageWorker.swift in Sources */,
				FD3B39252B09775700BBCF03 /* Session+CodingKeys.swift in Sources */,
				FD3B38C62B06195900BBCF03 /* AppDelegate.swift in Sources */,
				FD3B38C82B06195900BBCF03 /* SceneDelegate.swift in Sources */,
				FDF8401F2B15C0F200FC2D9C /* MovieDetailsViewController.swift in Sources */,
				FDF8401D2B15C0D300FC2D9C /* MovieDetailsViewModel.swift in Sources */,
				FD94FAB02B0B83D2002A820F /* NetworkWorker+HighResImageProvider.swift in Sources */,
				FD94FAB42B0B997D002A820F /* MovieListCell.swift in Sources */,
				FD3B38FE2B063D2400BBCF03 /* Account.swift in Sources */,
				FD3B392E2B0A1B1000BBCF03 /* SessionUpdater.swift in Sources */,
				FD3B390B2B07680E00BBCF03 /* AuthWorker.swift in Sources */,
				FD3B39022B0644FE00BBCF03 /* AccountDetailsProvider.swift in Sources */,
				FD3B38F62B06356F00BBCF03 /* MovieFetchingError.swift in Sources */,
				FD3B39442B0A684E00BBCF03 /* FavoriteMovie+CodingKeys.swift in Sources */,
				FD3B39142B076B3400BBCF03 /* SessionProvider.swift in Sources */,
				FD3B393C2B0A4E2400BBCF03 /* AccountDetailsProviderNetworkDecorator.swift in Sources */,
				FDF840192B14C26100FC2D9C /* MovieDetailsFactory.swift in Sources */,
				FD3B39462B0A6C3800BBCF03 /* MoviesListViewModel.swift in Sources */,
				FD3B39292B09F83600BBCF03 /* NetworkWorker+SessionUpdater.swift in Sources */,
				FD3B39122B076B1D00BBCF03 /* RequestTokenProvider.swift in Sources */,
				FD3B393A2B0A4BFE00BBCF03 /* FavoriteMovieUpdater.swift in Sources */,
				FD3B38F22B0634F800BBCF03 /* MyFavoriteMoviePagesProvider.swift in Sources */,
				FD3B39192B076B7500BBCF03 /* NetworkWorker+RequestTokenProvider.swift in Sources */,
				FD3B38EC2B06334000BBCF03 /* Movie+CodingKeys.swift in Sources */,
				FD3B39322B0A3F9800BBCF03 /* NetworkWorker+AccountUpdater.swift in Sources */,
				FD3B393E2B0A4E5900BBCF03 /* AccountDetailsProviderWorker.swift in Sources */,
				FD94FAB22B0B8466002A820F /* MoviesProviderFacade.swift in Sources */,
				FD3B391C2B076B9E00BBCF03 /* AuthProvider.swift in Sources */,
				FD3B39362B0A4A0F00BBCF03 /* TMDBResponse.swift in Sources */,
				FD3B38E22B06239100BBCF03 /* MoviesListFactory.swift in Sources */,
				FD94FAAE2B0B839D002A820F /* NetworkWorker+LowResImageProvider.swift in Sources */,
				FD3B38FA2B0635FC00BBCF03 /* NetworkWorker+MyFavoritesMoviesProvider.swift in Sources */,
				FD3B38FC2B06361500BBCF03 /* NetworkWorker+CurrentlyBroadcastMoviesProvider.swift in Sources */,
				FD3B38F02B0634E000BBCF03 /* PopularMoviePagesProvider.swift in Sources */,
				FD3B38F82B0635BD00BBCF03 /* NetworkWorker+PopularMoviesProvider.swift in Sources */,
				FD94FAB62B0B9E17002A820F /* MovieListCellViewModel.swift in Sources */,
				FDF840212B15C10000FC2D9C /* MovieDetailsCoordinator.swift in Sources */,
				FD3B38F42B06351700BBCF03 /* CurrentlyBroadcastMoviePagesProvider.swift in Sources */,
				FD3B39342B0A49F400BBCF03 /* String+Extensions.swift in Sources */,
				FD3B39172B076B5700BBCF03 /* NetworkWorker+SessionProvider.swift in Sources */,
				FD3B39272B09777900BBCF03 /* RequestToken+CodingKeys.swift in Sources */,
				FDF8401B2B14C32000FC2D9C /* MoviesListRouter.swift in Sources */,
				FD3B39302B0A3EF900BBCF03 /* AccountUpdater.swift in Sources */,
				FD3B39042B06452300BBCF03 /* NetworkWorker+AccountDetailsProvider.swift in Sources */,
				FD3B38E02B061E1300BBCF03 /* NetworkWorker.swift in Sources */,
				FD3B39402B0A663000BBCF03 /* NetworkWorker+FavoriteMovieUpdater.swift in Sources */,
			);
			runOnlyForDeploymentPostprocessing = 0;
		};
/* End PBXSourcesBuildPhase section */

/* Begin PBXVariantGroup section */
		FD3B38D02B06195C00BBCF03 /* LaunchScreen.storyboard */ = {
			isa = PBXVariantGroup;
			children = (
				FD3B38D12B06195C00BBCF03 /* Base */,
			);
			name = LaunchScreen.storyboard;
			sourceTree = "<group>";
		};
/* End PBXVariantGroup section */

/* Begin XCBuildConfiguration section */
		FD3B38D42B06195C00BBCF03 /* Debug */ = {
			isa = XCBuildConfiguration;
			buildSettings = {
				ALWAYS_SEARCH_USER_PATHS = NO;
				ASSETCATALOG_COMPILER_GENERATE_SWIFT_ASSET_SYMBOL_EXTENSIONS = YES;
				CLANG_ANALYZER_NONNULL = YES;
				CLANG_ANALYZER_NUMBER_OBJECT_CONVERSION = YES_AGGRESSIVE;
				CLANG_CXX_LANGUAGE_STANDARD = "gnu++20";
				CLANG_ENABLE_MODULES = YES;
				CLANG_ENABLE_OBJC_ARC = YES;
				CLANG_ENABLE_OBJC_WEAK = YES;
				CLANG_WARN_BLOCK_CAPTURE_AUTORELEASING = YES;
				CLANG_WARN_BOOL_CONVERSION = YES;
				CLANG_WARN_COMMA = YES;
				CLANG_WARN_CONSTANT_CONVERSION = YES;
				CLANG_WARN_DEPRECATED_OBJC_IMPLEMENTATIONS = YES;
				CLANG_WARN_DIRECT_OBJC_ISA_USAGE = YES_ERROR;
				CLANG_WARN_DOCUMENTATION_COMMENTS = YES;
				CLANG_WARN_EMPTY_BODY = YES;
				CLANG_WARN_ENUM_CONVERSION = YES;
				CLANG_WARN_INFINITE_RECURSION = YES;
				CLANG_WARN_INT_CONVERSION = YES;
				CLANG_WARN_NON_LITERAL_NULL_CONVERSION = YES;
				CLANG_WARN_OBJC_IMPLICIT_RETAIN_SELF = YES;
				CLANG_WARN_OBJC_LITERAL_CONVERSION = YES;
				CLANG_WARN_OBJC_ROOT_CLASS = YES_ERROR;
				CLANG_WARN_QUOTED_INCLUDE_IN_FRAMEWORK_HEADER = YES;
				CLANG_WARN_RANGE_LOOP_ANALYSIS = YES;
				CLANG_WARN_STRICT_PROTOTYPES = YES;
				CLANG_WARN_SUSPICIOUS_MOVE = YES;
				CLANG_WARN_UNGUARDED_AVAILABILITY = YES_AGGRESSIVE;
				CLANG_WARN_UNREACHABLE_CODE = YES;
				CLANG_WARN__DUPLICATE_METHOD_MATCH = YES;
				COPY_PHASE_STRIP = NO;
				DEBUG_INFORMATION_FORMAT = dwarf;
				ENABLE_STRICT_OBJC_MSGSEND = YES;
				ENABLE_TESTABILITY = YES;
				ENABLE_USER_SCRIPT_SANDBOXING = YES;
				GCC_C_LANGUAGE_STANDARD = gnu17;
				GCC_DYNAMIC_NO_PIC = NO;
				GCC_NO_COMMON_BLOCKS = YES;
				GCC_OPTIMIZATION_LEVEL = 0;
				GCC_PREPROCESSOR_DEFINITIONS = (
					"DEBUG=1",
					"$(inherited)",
				);
				GCC_WARN_64_TO_32_BIT_CONVERSION = YES;
				GCC_WARN_ABOUT_RETURN_TYPE = YES_ERROR;
				GCC_WARN_UNDECLARED_SELECTOR = YES;
				GCC_WARN_UNINITIALIZED_AUTOS = YES_AGGRESSIVE;
				GCC_WARN_UNUSED_FUNCTION = YES;
				GCC_WARN_UNUSED_VARIABLE = YES;
				IPHONEOS_DEPLOYMENT_TARGET = 17.0;
				LOCALIZATION_PREFERS_STRING_CATALOGS = YES;
				MTL_ENABLE_DEBUG_INFO = INCLUDE_SOURCE;
				MTL_FAST_MATH = YES;
				ONLY_ACTIVE_ARCH = YES;
				SDKROOT = iphoneos;
				SWIFT_ACTIVE_COMPILATION_CONDITIONS = "DEBUG $(inherited)";
				SWIFT_OPTIMIZATION_LEVEL = "-Onone";
			};
			name = Debug;
		};
		FD3B38D52B06195C00BBCF03 /* Release */ = {
			isa = XCBuildConfiguration;
			buildSettings = {
				ALWAYS_SEARCH_USER_PATHS = NO;
				ASSETCATALOG_COMPILER_GENERATE_SWIFT_ASSET_SYMBOL_EXTENSIONS = YES;
				CLANG_ANALYZER_NONNULL = YES;
				CLANG_ANALYZER_NUMBER_OBJECT_CONVERSION = YES_AGGRESSIVE;
				CLANG_CXX_LANGUAGE_STANDARD = "gnu++20";
				CLANG_ENABLE_MODULES = YES;
				CLANG_ENABLE_OBJC_ARC = YES;
				CLANG_ENABLE_OBJC_WEAK = YES;
				CLANG_WARN_BLOCK_CAPTURE_AUTORELEASING = YES;
				CLANG_WARN_BOOL_CONVERSION = YES;
				CLANG_WARN_COMMA = YES;
				CLANG_WARN_CONSTANT_CONVERSION = YES;
				CLANG_WARN_DEPRECATED_OBJC_IMPLEMENTATIONS = YES;
				CLANG_WARN_DIRECT_OBJC_ISA_USAGE = YES_ERROR;
				CLANG_WARN_DOCUMENTATION_COMMENTS = YES;
				CLANG_WARN_EMPTY_BODY = YES;
				CLANG_WARN_ENUM_CONVERSION = YES;
				CLANG_WARN_INFINITE_RECURSION = YES;
				CLANG_WARN_INT_CONVERSION = YES;
				CLANG_WARN_NON_LITERAL_NULL_CONVERSION = YES;
				CLANG_WARN_OBJC_IMPLICIT_RETAIN_SELF = YES;
				CLANG_WARN_OBJC_LITERAL_CONVERSION = YES;
				CLANG_WARN_OBJC_ROOT_CLASS = YES_ERROR;
				CLANG_WARN_QUOTED_INCLUDE_IN_FRAMEWORK_HEADER = YES;
				CLANG_WARN_RANGE_LOOP_ANALYSIS = YES;
				CLANG_WARN_STRICT_PROTOTYPES = YES;
				CLANG_WARN_SUSPICIOUS_MOVE = YES;
				CLANG_WARN_UNGUARDED_AVAILABILITY = YES_AGGRESSIVE;
				CLANG_WARN_UNREACHABLE_CODE = YES;
				CLANG_WARN__DUPLICATE_METHOD_MATCH = YES;
				COPY_PHASE_STRIP = NO;
				DEBUG_INFORMATION_FORMAT = "dwarf-with-dsym";
				ENABLE_NS_ASSERTIONS = NO;
				ENABLE_STRICT_OBJC_MSGSEND = YES;
				ENABLE_USER_SCRIPT_SANDBOXING = YES;
				GCC_C_LANGUAGE_STANDARD = gnu17;
				GCC_NO_COMMON_BLOCKS = YES;
				GCC_WARN_64_TO_32_BIT_CONVERSION = YES;
				GCC_WARN_ABOUT_RETURN_TYPE = YES_ERROR;
				GCC_WARN_UNDECLARED_SELECTOR = YES;
				GCC_WARN_UNINITIALIZED_AUTOS = YES_AGGRESSIVE;
				GCC_WARN_UNUSED_FUNCTION = YES;
				GCC_WARN_UNUSED_VARIABLE = YES;
				IPHONEOS_DEPLOYMENT_TARGET = 17.0;
				LOCALIZATION_PREFERS_STRING_CATALOGS = YES;
				MTL_ENABLE_DEBUG_INFO = NO;
				MTL_FAST_MATH = YES;
				SDKROOT = iphoneos;
				SWIFT_COMPILATION_MODE = wholemodule;
				VALIDATE_PRODUCT = YES;
			};
			name = Release;
		};
		FD3B38D72B06195C00BBCF03 /* Debug */ = {
			isa = XCBuildConfiguration;
			buildSettings = {
				ASSETCATALOG_COMPILER_APPICON_NAME = AppIcon;
				ASSETCATALOG_COMPILER_GLOBAL_ACCENT_COLOR_NAME = AccentColor;
				CODE_SIGN_STYLE = Automatic;
				CURRENT_PROJECT_VERSION = 1;
				GENERATE_INFOPLIST_FILE = YES;
				INFOPLIST_FILE = CellcomHomeTask/AppLayer/Info.plist;
				INFOPLIST_KEY_UIApplicationSupportsIndirectInputEvents = YES;
				INFOPLIST_KEY_UILaunchStoryboardName = LaunchScreen.storyboard;
				INFOPLIST_KEY_UISupportedInterfaceOrientations = UIInterfaceOrientationPortrait;
				IPHONEOS_DEPLOYMENT_TARGET = 16.0;
				LD_RUNPATH_SEARCH_PATHS = (
					"$(inherited)",
					"@executable_path/Frameworks",
				);
				MARKETING_VERSION = 1.0;
				PRODUCT_BUNDLE_IDENTIFIER = e.kulinichev.CellcomHomeTask;
				PRODUCT_NAME = "$(TARGET_NAME)";
				SUPPORTED_PLATFORMS = "iphoneos iphonesimulator";
				SUPPORTS_MACCATALYST = NO;
				SUPPORTS_MAC_DESIGNED_FOR_IPHONE_IPAD = NO;
				SWIFT_EMIT_LOC_STRINGS = YES;
				SWIFT_VERSION = 5.0;
				TARGETED_DEVICE_FAMILY = 1;
			};
			name = Debug;
		};
		FD3B38D82B06195C00BBCF03 /* Release */ = {
			isa = XCBuildConfiguration;
			buildSettings = {
				ASSETCATALOG_COMPILER_APPICON_NAME = AppIcon;
				ASSETCATALOG_COMPILER_GLOBAL_ACCENT_COLOR_NAME = AccentColor;
				CODE_SIGN_STYLE = Automatic;
				CURRENT_PROJECT_VERSION = 1;
				GENERATE_INFOPLIST_FILE = YES;
				INFOPLIST_FILE = CellcomHomeTask/AppLayer/Info.plist;
				INFOPLIST_KEY_UIApplicationSupportsIndirectInputEvents = YES;
				INFOPLIST_KEY_UILaunchStoryboardName = LaunchScreen.storyboard;
				INFOPLIST_KEY_UISupportedInterfaceOrientations = UIInterfaceOrientationPortrait;
				IPHONEOS_DEPLOYMENT_TARGET = 16.0;
				LD_RUNPATH_SEARCH_PATHS = (
					"$(inherited)",
					"@executable_path/Frameworks",
				);
				MARKETING_VERSION = 1.0;
				PRODUCT_BUNDLE_IDENTIFIER = e.kulinichev.CellcomHomeTask;
				PRODUCT_NAME = "$(TARGET_NAME)";
				SUPPORTED_PLATFORMS = "iphoneos iphonesimulator";
				SUPPORTS_MACCATALYST = NO;
				SUPPORTS_MAC_DESIGNED_FOR_IPHONE_IPAD = NO;
				SWIFT_EMIT_LOC_STRINGS = YES;
				SWIFT_VERSION = 5.0;
				TARGETED_DEVICE_FAMILY = 1;
			};
			name = Release;
		};
/* End XCBuildConfiguration section */

/* Begin XCConfigurationList section */
		FD3B38BD2B06195900BBCF03 /* Build configuration list for PBXProject "CellcomHomeTask" */ = {
			isa = XCConfigurationList;
			buildConfigurations = (
				FD3B38D42B06195C00BBCF03 /* Debug */,
				FD3B38D52B06195C00BBCF03 /* Release */,
			);
			defaultConfigurationIsVisible = 0;
			defaultConfigurationName = Release;
		};
		FD3B38D62B06195C00BBCF03 /* Build configuration list for PBXNativeTarget "CellcomHomeTask" */ = {
			isa = XCConfigurationList;
			buildConfigurations = (
				FD3B38D72B06195C00BBCF03 /* Debug */,
				FD3B38D82B06195C00BBCF03 /* Release */,
			);
			defaultConfigurationIsVisible = 0;
			defaultConfigurationName = Release;
		};
/* End XCConfigurationList section */
	};
	rootObject = FD3B38BA2B06195900BBCF03 /* Project object */;
}
